// !$*UTF8*$!
{
	archiveVersion = 1;
	classes = {
	};
	objectVersion = 46;
	objects = {

/* Begin PBXBuildFile section */
		AAAC117E19F84FB700494372 /* main.m in Sources */ = {isa = PBXBuildFile; fileRef = AAAC117D19F84FB700494372 /* main.m */; };
		AAAC118119F84FB700494372 /* AppDelegate.m in Sources */ = {isa = PBXBuildFile; fileRef = AAAC118019F84FB700494372 /* AppDelegate.m */; };
		AAAC118719F84FB700494372 /* Main.storyboard in Resources */ = {isa = PBXBuildFile; fileRef = AAAC118519F84FB700494372 /* Main.storyboard */; };
		AAAC118919F84FB700494372 /* Images.xcassets in Resources */ = {isa = PBXBuildFile; fileRef = AAAC118819F84FB700494372 /* Images.xcassets */; };
		AAAC118C19F84FB700494372 /* LaunchScreen.xib in Resources */ = {isa = PBXBuildFile; fileRef = AAAC118A19F84FB700494372 /* LaunchScreen.xib */; };
		AAAC119819F84FB700494372 /* ComicsHelperAppTests.m in Sources */ = {isa = PBXBuildFile; fileRef = AAAC119719F84FB700494372 /* ComicsHelperAppTests.m */; };
		AAAC11A319F8501100494372 /* InitialCustomViewController.m in Sources */ = {isa = PBXBuildFile; fileRef = AAAC11A219F8501100494372 /* InitialCustomViewController.m */; };
		AAEA2E1219F9B219006E14E4 /* Joke.m in Sources */ = {isa = PBXBuildFile; fileRef = AAEA2E1119F9B219006E14E4 /* Joke.m */; };
		AAEA2E1519F9B352006E14E4 /* JokeTableViewController.m in Sources */ = {isa = PBXBuildFile; fileRef = AAEA2E1419F9B352006E14E4 /* JokeTableViewController.m */; };
/* End PBXBuildFile section */

/* Begin PBXContainerItemProxy section */
		AAAC119219F84FB700494372 /* PBXContainerItemProxy */ = {
			isa = PBXContainerItemProxy;
			containerPortal = AAAC117019F84FB700494372 /* Project object */;
			proxyType = 1;
			remoteGlobalIDString = AAAC117719F84FB700494372;
			remoteInfo = ComicsHelperApp;
		};
/* End PBXContainerItemProxy section */

/* Begin PBXFileReference section */
		AAAC117819F84FB700494372 /* ComicsHelperApp.app */ = {isa = PBXFileReference; explicitFileType = wrapper.application; includeInIndex = 0; path = ComicsHelperApp.app; sourceTree = BUILT_PRODUCTS_DIR; };
		AAAC117C19F84FB700494372 /* Info.plist */ = {isa = PBXFileReference; lastKnownFileType = text.plist.xml; path = Info.plist; sourceTree = "<group>"; };
		AAAC117D19F84FB700494372 /* main.m */ = {isa = PBXFileReference; lastKnownFileType = sourcecode.c.objc; path = main.m; sourceTree = "<group>"; };
		AAAC117F19F84FB700494372 /* AppDelegate.h */ = {isa = PBXFileReference; lastKnownFileType = sourcecode.c.h; path = AppDelegate.h; sourceTree = "<group>"; };
		AAAC118019F84FB700494372 /* AppDelegate.m */ = {isa = PBXFileReference; lastKnownFileType = sourcecode.c.objc; path = AppDelegate.m; sourceTree = "<group>"; };
		AAAC118619F84FB700494372 /* Base */ = {isa = PBXFileReference; lastKnownFileType = file.storyboard; name = Base; path = Base.lproj/Main.storyboard; sourceTree = "<group>"; };
		AAAC118819F84FB700494372 /* Images.xcassets */ = {isa = PBXFileReference; lastKnownFileType = folder.assetcatalog; path = Images.xcassets; sourceTree = "<group>"; };
		AAAC118B19F84FB700494372 /* Base */ = {isa = PBXFileReference; lastKnownFileType = file.xib; name = Base; path = Base.lproj/LaunchScreen.xib; sourceTree = "<group>"; };
		AAAC119119F84FB700494372 /* ComicsHelperAppTests.xctest */ = {isa = PBXFileReference; explicitFileType = wrapper.cfbundle; includeInIndex = 0; path = ComicsHelperAppTests.xctest; sourceTree = BUILT_PRODUCTS_DIR; };
		AAAC119619F84FB700494372 /* Info.plist */ = {isa = PBXFileReference; lastKnownFileType = text.plist.xml; path = Info.plist; sourceTree = "<group>"; };
		AAAC119719F84FB700494372 /* ComicsHelperAppTests.m */ = {isa = PBXFileReference; lastKnownFileType = sourcecode.c.objc; path = ComicsHelperAppTests.m; sourceTree = "<group>"; };
		AAAC11A119F8501100494372 /* InitialCustomViewController.h */ = {isa = PBXFileReference; fileEncoding = 4; lastKnownFileType = sourcecode.c.h; name = InitialCustomViewController.h; path = ../InitialCustomViewController.h; sourceTree = "<group>"; };
		AAAC11A219F8501100494372 /* InitialCustomViewController.m */ = {isa = PBXFileReference; fileEncoding = 4; lastKnownFileType = sourcecode.c.objc; name = InitialCustomViewController.m; path = ../InitialCustomViewController.m; sourceTree = "<group>"; };
		AAEA2E1019F9B219006E14E4 /* Joke.h */ = {isa = PBXFileReference; fileEncoding = 4; lastKnownFileType = sourcecode.c.h; path = Joke.h; sourceTree = "<group>"; };
		AAEA2E1119F9B219006E14E4 /* Joke.m */ = {isa = PBXFileReference; fileEncoding = 4; lastKnownFileType = sourcecode.c.objc; path = Joke.m; sourceTree = "<group>"; };
		AAEA2E1319F9B352006E14E4 /* JokeTableViewController.h */ = {isa = PBXFileReference; fileEncoding = 4; lastKnownFileType = sourcecode.c.h; path = JokeTableViewController.h; sourceTree = "<group>"; };
		AAEA2E1419F9B352006E14E4 /* JokeTableViewController.m */ = {isa = PBXFileReference; fileEncoding = 4; lastKnownFileType = sourcecode.c.objc; path = JokeTableViewController.m; sourceTree = "<group>"; };
/* End PBXFileReference section */

/* Begin PBXFrameworksBuildPhase section */
		AAAC117519F84FB700494372 /* Frameworks */ = {
			isa = PBXFrameworksBuildPhase;
			buildActionMask = 2147483647;
			files = (
			);
			runOnlyForDeploymentPostprocessing = 0;
		};
		AAAC118E19F84FB700494372 /* Frameworks */ = {
			isa = PBXFrameworksBuildPhase;
			buildActionMask = 2147483647;
			files = (
			);
			runOnlyForDeploymentPostprocessing = 0;
		};
/* End PBXFrameworksBuildPhase section */

/* Begin PBXGroup section */
		AAAC116F19F84FB700494372 = {
			isa = PBXGroup;
			children = (
				AAAC117A19F84FB700494372 /* ComicsHelperApp */,
				AAAC119419F84FB700494372 /* ComicsHelperAppTests */,
				AAAC117919F84FB700494372 /* Products */,
			);
			sourceTree = "<group>";
		};
		AAAC117919F84FB700494372 /* Products */ = {
			isa = PBXGroup;
			children = (
				AAAC117819F84FB700494372 /* ComicsHelperApp.app */,
				AAAC119119F84FB700494372 /* ComicsHelperAppTests.xctest */,
			);
			name = Products;
			sourceTree = "<group>";
		};
		AAAC117A19F84FB700494372 /* ComicsHelperApp */ = {
			isa = PBXGroup;
			children = (
				AAAC117F19F84FB700494372 /* AppDelegate.h */,
				AAAC118019F84FB700494372 /* AppDelegate.m */,
				AAAC118519F84FB700494372 /* Main.storyboard */,
				AAAC11A119F8501100494372 /* InitialCustomViewController.h */,
				AAAC11A219F8501100494372 /* InitialCustomViewController.m */,
				AAEA2E1319F9B352006E14E4 /* JokeTableViewController.h */,
				AAEA2E1419F9B352006E14E4 /* JokeTableViewController.m */,
				AAEA2E1019F9B219006E14E4 /* Joke.h */,
				AAEA2E1119F9B219006E14E4 /* Joke.m */,
				AAAC118819F84FB700494372 /* Images.xcassets */,
				AAAC118A19F84FB700494372 /* LaunchScreen.xib */,
				AAAC117B19F84FB700494372 /* Supporting Files */,
			);
			path = ComicsHelperApp;
			sourceTree = "<group>";
		};
		AAAC117B19F84FB700494372 /* Supporting Files */ = {
			isa = PBXGroup;
			children = (
				AAAC117C19F84FB700494372 /* Info.plist */,
				AAAC117D19F84FB700494372 /* main.m */,
			);
			name = "Supporting Files";
			sourceTree = "<group>";
		};
		AAAC119419F84FB700494372 /* ComicsHelperAppTests */ = {
			isa = PBXGroup;
			children = (
				AAAC119719F84FB700494372 /* ComicsHelperAppTests.m */,
				AAAC119519F84FB700494372 /* Supporting Files */,
			);
			path = ComicsHelperAppTests;
			sourceTree = "<group>";
		};
		AAAC119519F84FB700494372 /* Supporting Files */ = {
			isa = PBXGroup;
			children = (
				AAAC119619F84FB700494372 /* Info.plist */,
			);
			name = "Supporting Files";
			sourceTree = "<group>";
		};
/* End PBXGroup section */

/* Begin PBXNativeTarget section */
		AAAC117719F84FB700494372 /* ComicsHelperApp */ = {
			isa = PBXNativeTarget;
			buildConfigurationList = AAAC119B19F84FB700494372 /* Build configuration list for PBXNativeTarget "ComicsHelperApp" */;
			buildPhases = (
				AAAC117419F84FB700494372 /* Sources */,
				AAAC117519F84FB700494372 /* Frameworks */,
				AAAC117619F84FB700494372 /* Resources */,
			);
			buildRules = (
			);
			dependencies = (
			);
			name = ComicsHelperApp;
			productName = ComicsHelperApp;
			productReference = AAAC117819F84FB700494372 /* ComicsHelperApp.app */;
			productType = "com.apple.product-type.application";
		};
		AAAC119019F84FB700494372 /* ComicsHelperAppTests */ = {
			isa = PBXNativeTarget;
			buildConfigurationList = AAAC119E19F84FB700494372 /* Build configuration list for PBXNativeTarget "ComicsHelperAppTests" */;
			buildPhases = (
				AAAC118D19F84FB700494372 /* Sources */,
				AAAC118E19F84FB700494372 /* Frameworks */,
				AAAC118F19F84FB700494372 /* Resources */,
			);
			buildRules = (
			);
			dependencies = (
				AAAC119319F84FB700494372 /* PBXTargetDependency */,
			);
			name = ComicsHelperAppTests;
			productName = ComicsHelperAppTests;
			productReference = AAAC119119F84FB700494372 /* ComicsHelperAppTests.xctest */;
			productType = "com.apple.product-type.bundle.unit-test";
		};
/* End PBXNativeTarget section */

/* Begin PBXProject section */
		AAAC117019F84FB700494372 /* Project object */ = {
			isa = PBXProject;
			attributes = {
				LastUpgradeCheck = 0600;
				ORGANIZATIONNAME = TerryBuOrganization;
				TargetAttributes = {
					AAAC117719F84FB700494372 = {
						CreatedOnToolsVersion = 6.0.1;
					};
					AAAC119019F84FB700494372 = {
						CreatedOnToolsVersion = 6.0.1;
						TestTargetID = AAAC117719F84FB700494372;
					};
				};
			};
			buildConfigurationList = AAAC117319F84FB700494372 /* Build configuration list for PBXProject "ComicsHelperApp" */;
			compatibilityVersion = "Xcode 3.2";
			developmentRegion = English;
			hasScannedForEncodings = 0;
			knownRegions = (
				en,
				Base,
			);
			mainGroup = AAAC116F19F84FB700494372;
			productRefGroup = AAAC117919F84FB700494372 /* Products */;
			projectDirPath = "";
			projectRoot = "";
			targets = (
				AAAC117719F84FB700494372 /* ComicsHelperApp */,
				AAAC119019F84FB700494372 /* ComicsHelperAppTests */,
			);
		};
/* End PBXProject section */

/* Begin PBXResourcesBuildPhase section */
		AAAC117619F84FB700494372 /* Resources */ = {
			isa = PBXResourcesBuildPhase;
			buildActionMask = 2147483647;
			files = (
				AAAC118719F84FB700494372 /* Main.storyboard in Resources */,
				AAAC118C19F84FB700494372 /* LaunchScreen.xib in Resources */,
				AAAC118919F84FB700494372 /* Images.xcassets in Resources */,
			);
			runOnlyForDeploymentPostprocessing = 0;
		};
		AAAC118F19F84FB700494372 /* Resources */ = {
			isa = PBXResourcesBuildPhase;
			buildActionMask = 2147483647;
			files = (
			);
			runOnlyForDeploymentPostprocessing = 0;
		};
/* End PBXResourcesBuildPhase section */

/* Begin PBXSourcesBuildPhase section */
		AAAC117419F84FB700494372 /* Sources */ = {
			isa = PBXSourcesBuildPhase;
			buildActionMask = 2147483647;
			files = (
				AAAC118119F84FB700494372 /* AppDelegate.m in Sources */,
				AAAC11A319F8501100494372 /* InitialCustomViewController.m in Sources */,
				AAEA2E1519F9B352006E14E4 /* JokeTableViewController.m in Sources */,
				AAEA2E1219F9B219006E14E4 /* Joke.m in Sources */,
				AAAC117E19F84FB700494372 /* main.m in Sources */,
			);
			runOnlyForDeploymentPostprocessing = 0;
		};
		AAAC118D19F84FB700494372 /* Sources */ = {
			isa = PBXSourcesBuildPhase;
			buildActionMask = 2147483647;
			files = (
				AAAC119819F84FB700494372 /* ComicsHelperAppTests.m in Sources */,
			);
			runOnlyForDeploymentPostprocessing = 0;
		};
/* End PBXSourcesBuildPhase section */

/* Begin PBXTargetDependency section */
		AAAC119319F84FB700494372 /* PBXTargetDependency */ = {
			isa = PBXTargetDependency;
			target = AAAC117719F84FB700494372 /* ComicsHelperApp */;
			targetProxy = AAAC119219F84FB700494372 /* PBXContainerItemProxy */;
		};
/* End PBXTargetDependency section */

/* Begin PBXVariantGroup section */
		AAAC118519F84FB700494372 /* Main.storyboard */ = {
			isa = PBXVariantGroup;
			children = (
				AAAC118619F84FB700494372 /* Base */,
			);
			name = Main.storyboard;
			sourceTree = "<group>";
		};
		AAAC118A19F84FB700494372 /* LaunchScreen.xib */ = {
			isa = PBXVariantGroup;
			children = (
				AAAC118B19F84FB700494372 /* Base */,
			);
			name = LaunchScreen.xib;
			sourceTree = "<group>";
		};
/* End PBXVariantGroup section */

/* Begin XCBuildConfiguration section */
		AAAC119919F84FB700494372 /* Debug */ = {
			isa = XCBuildConfiguration;
			buildSettings = {
				ALWAYS_SEARCH_USER_PATHS = NO;
				CLANG_CXX_LANGUAGE_STANDARD = "gnu++0x";
				CLANG_CXX_LIBRARY = "libc++";
				CLANG_ENABLE_MODULES = YES;
				CLANG_ENABLE_OBJC_ARC = YES;
				CLANG_WARN_BOOL_CONVERSION = YES;
				CLANG_WARN_CONSTANT_CONVERSION = YES;
				CLANG_WARN_DIRECT_OBJC_ISA_USAGE = YES_ERROR;
				CLANG_WARN_EMPTY_BODY = YES;
				CLANG_WARN_ENUM_CONVERSION = YES;
				CLANG_WARN_INT_CONVERSION = YES;
				CLANG_WARN_OBJC_ROOT_CLASS = YES_ERROR;
				CLANG_WARN_UNREACHABLE_CODE = YES;
				CLANG_WARN__DUPLICATE_METHOD_MATCH = YES;
				"CODE_SIGN_IDENTITY[sdk=iphoneos*]" = "iPhone Developer";
				COPY_PHASE_STRIP = NO;
				ENABLE_STRICT_OBJC_MSGSEND = YES;
				GCC_C_LANGUAGE_STANDARD = gnu99;
				GCC_DYNAMIC_NO_PIC = NO;
				GCC_OPTIMIZATION_LEVEL = 0;
				GCC_PREPROCESSOR_DEFINITIONS = (
					"DEBUG=1",
					"$(inherited)",
				);
				GCC_SYMBOLS_PRIVATE_EXTERN = NO;
				GCC_WARN_64_TO_32_BIT_CONVERSION = YES;
				GCC_WARN_ABOUT_RETURN_TYPE = YES_ERROR;
				GCC_WARN_UNDECLARED_SELECTOR = YES;
				GCC_WARN_UNINITIALIZED_AUTOS = YES_AGGRESSIVE;
				GCC_WARN_UNUSED_FUNCTION = YES;
				GCC_WARN_UNUSED_VARIABLE = YES;
				IPHONEOS_DEPLOYMENT_TARGET = 8.0;
				MTL_ENABLE_DEBUG_INFO = YES;
				ONLY_ACTIVE_ARCH = YES;
				SDKROOT = iphoneos;
				TARGETED_DEVICE_FAMILY = "1,2";
			};
			name = Debug;
		};
		AAAC119A19F84FB700494372 /* Release */ = {
			isa = XCBuildConfiguration;
			buildSettings = {
				ALWAYS_SEARCH_USER_PATHS = NO;
				CLANG_CXX_LANGUAGE_STANDARD = "gnu++0x";
				CLANG_CXX_LIBRARY = "libc++";
				CLANG_ENABLE_MODULES = YES;
				CLANG_ENABLE_OBJC_ARC = YES;
				CLANG_WARN_BOOL_CONVERSION = YES;
				CLANG_WARN_CONSTANT_CONVERSION = YES;
				CLANG_WARN_DIRECT_OBJC_ISA_USAGE = YES_ERROR;
				CLANG_WARN_EMPTY_BODY = YES;
				CLANG_WARN_ENUM_CONVERSION = YES;
				CLANG_WARN_INT_CONVERSION = YES;
				CLANG_WARN_OBJC_ROOT_CLASS = YES_ERROR;
				CLANG_WARN_UNREACHABLE_CODE = YES;
				CLANG_WARN__DUPLICATE_METHOD_MATCH = YES;
				"CODE_SIGN_IDENTITY[sdk=iphoneos*]" = "iPhone Developer";
				COPY_PHASE_STRIP = YES;
				ENABLE_NS_ASSERTIONS = NO;
				ENABLE_STRICT_OBJC_MSGSEND = YES;
				GCC_C_LANGUAGE_STANDARD = gnu99;
				GCC_WARN_64_TO_32_BIT_CONVERSION = YES;
				GCC_WARN_ABOUT_RETURN_TYPE = YES_ERROR;
				GCC_WARN_UNDECLARED_SELECTOR = YES;
				GCC_WARN_UNINITIALIZED_AUTOS = YES_AGGRESSIVE;
				GCC_WARN_UNUSED_FUNCTION = YES;
				GCC_WARN_UNUSED_VARIABLE = YES;
				IPHONEOS_DEPLOYMENT_TARGET = 8.0;
				MTL_ENABLE_DEBUG_INFO = NO;
				SDKROOT = iphoneos;
				TARGETED_DEVICE_FAMILY = "1,2";
				VALIDATE_PRODUCT = YES;
			};
			name = Release;
		};
		AAAC119C19F84FB700494372 /* Debug */ = {
			isa = XCBuildConfiguration;
			buildSettings = {
				ASSETCATALOG_COMPILER_APPICON_NAME = AppIcon;
				INFOPLIST_FILE = ComicsHelperApp/Info.plist;
				LD_RUNPATH_SEARCH_PATHS = "$(inherited) @executable_path/Frameworks";
				PRODUCT_NAME = "$(TARGET_NAME)";
			};
			name = Debug;
		};
		AAAC119D19F84FB700494372 /* Release */ = {
			isa = XCBuildConfiguration;
			buildSettings = {
				ASSETCATALOG_COMPILER_APPICON_NAME = AppIcon;
				INFOPLIST_FILE = ComicsHelperApp/Info.plist;
				LD_RUNPATH_SEARCH_PATHS = "$(inherited) @executable_path/Frameworks";
				PRODUCT_NAME = "$(TARGET_NAME)";
			};
			name = Release;
		};
		AAAC119F19F84FB700494372 /* Debug */ = {
			isa = XCBuildConfiguration;
			buildSettings = {
				BUNDLE_LOADER = "$(TEST_HOST)";
				FRAMEWORK_SEARCH_PATHS = (
					"$(SDKROOT)/Developer/Library/Frameworks",
					"$(inherited)",
				);
				GCC_PREPROCESSOR_DEFINITIONS = (
					"DEBUG=1",
					"$(inherited)",
				);
				INFOPLIST_FILE = ComicsHelperAppTests/Info.plist;
				LD_RUNPATH_SEARCH_PATHS = "$(inherited) @executable_path/Frameworks @loader_path/Frameworks";
				PRODUCT_NAME = "$(TARGET_NAME)";
				TEST_HOST = "$(BUILT_PRODUCTS_DIR)/ComicsHelperApp.app/ComicsHelperApp";
			};
			name = Debug;
		};
		AAAC11A019F84FB700494372 /* Release */ = {
			isa = XCBuildConfiguration;
			buildSettings = {
				BUNDLE_LOADER = "$(TEST_HOST)";
				FRAMEWORK_SEARCH_PATHS = (
					"$(SDKROOT)/Developer/Library/Frameworks",
					"$(inherited)",
				);
				INFOPLIST_FILE = ComicsHelperAppTests/Info.plist;
				LD_RUNPATH_SEARCH_PATHS = "$(inherited) @executable_path/Frameworks @loader_path/Frameworks";
				PRODUCT_NAME = "$(TARGET_NAME)";
				TEST_HOST = "$(BUILT_PRODUCTS_DIR)/ComicsHelperApp.app/ComicsHelperApp";
			};
			name = Release;
		};
/* End XCBuildConfiguration section */

/* Begin XCConfigurationList section */
		AAAC117319F84FB700494372 /* Build configuration list for PBXProject "ComicsHelperApp" */ = {
			isa = XCConfigurationList;
			buildConfigurations = (
				AAAC119919F84FB700494372 /* Debug */,
				AAAC119A19F84FB700494372 /* Release */,
			);
			defaultConfigurationIsVisible = 0;
			defaultConfigurationName = Release;
		};
		AAAC119B19F84FB700494372 /* Build configuration list for PBXNativeTarget "ComicsHelperApp" */ = {
			isa = XCConfigurationList;
			buildConfigurations = (
				AAAC119C19F84FB700494372 /* Debug */,
				AAAC119D19F84FB700494372 /* Release */,
			);
			defaultConfigurationIsVisible = 0;
			defaultConfigurationName = Release;
		};
		AAAC119E19F84FB700494372 /* Build configuration list for PBXNativeTarget "ComicsHelperAppTests" */ = {
			isa = XCConfigurationList;
			buildConfigurations = (
				AAAC119F19F84FB700494372 /* Debug */,
				AAAC11A019F84FB700494372 /* Release */,
			);
			defaultConfigurationIsVisible = 0;
			defaultConfigurationName = Release;
		};
/* End XCConfigurationList section */
	};
	rootObject = AAAC117019F84FB700494372 /* Project object */;
}
