// !$*UTF8*$!
{
	archiveVersion = 1;
	classes = {
	};
	objectVersion = 46;
	objects = {

/* Begin PBXBuildFile section */
		AAD7A5CE1A1F96A300DA8165 /* main.m in Sources */ = {isa = PBXBuildFile; fileRef = AAD7A5CD1A1F96A300DA8165 /* main.m */; };
		AAD7A5D11A1F96A300DA8165 /* AppDelegate.m in Sources */ = {isa = PBXBuildFile; fileRef = AAD7A5D01A1F96A300DA8165 /* AppDelegate.m */; };
		AAD7A5D41A1F96A300DA8165 /* RootViewController.m in Sources */ = {isa = PBXBuildFile; fileRef = AAD7A5D31A1F96A300DA8165 /* RootViewController.m */; };
		AAD7A5D71A1F96A300DA8165 /* DataViewController.m in Sources */ = {isa = PBXBuildFile; fileRef = AAD7A5D61A1F96A300DA8165 /* DataViewController.m */; };
		AAD7A5DA1A1F96A300DA8165 /* ModelController.m in Sources */ = {isa = PBXBuildFile; fileRef = AAD7A5D91A1F96A300DA8165 /* ModelController.m */; };
		AAD7A5DD1A1F96A300DA8165 /* Main.storyboard in Resources */ = {isa = PBXBuildFile; fileRef = AAD7A5DB1A1F96A300DA8165 /* Main.storyboard */; };
		AAD7A5DF1A1F96A300DA8165 /* Images.xcassets in Resources */ = {isa = PBXBuildFile; fileRef = AAD7A5DE1A1F96A300DA8165 /* Images.xcassets */; };
		AAD7A5E21A1F96A300DA8165 /* LaunchScreen.xib in Resources */ = {isa = PBXBuildFile; fileRef = AAD7A5E01A1F96A300DA8165 /* LaunchScreen.xib */; };
		AAD7A5EE1A1F96A300DA8165 /* testpvTests.m in Sources */ = {isa = PBXBuildFile; fileRef = AAD7A5ED1A1F96A300DA8165 /* testpvTests.m */; };
/* End PBXBuildFile section */

/* Begin PBXContainerItemProxy section */
		AAD7A5E81A1F96A300DA8165 /* PBXContainerItemProxy */ = {
			isa = PBXContainerItemProxy;
			containerPortal = AAD7A5C01A1F96A300DA8165 /* Project object */;
			proxyType = 1;
			remoteGlobalIDString = AAD7A5C71A1F96A300DA8165;
			remoteInfo = testpv;
		};
/* End PBXContainerItemProxy section */

/* Begin PBXFileReference section */
		AAD7A5C81A1F96A300DA8165 /* testpv.app */ = {isa = PBXFileReference; explicitFileType = wrapper.application; includeInIndex = 0; path = testpv.app; sourceTree = BUILT_PRODUCTS_DIR; };
		AAD7A5CC1A1F96A300DA8165 /* Info.plist */ = {isa = PBXFileReference; lastKnownFileType = text.plist.xml; path = Info.plist; sourceTree = "<group>"; };
		AAD7A5CD1A1F96A300DA8165 /* main.m */ = {isa = PBXFileReference; lastKnownFileType = sourcecode.c.objc; path = main.m; sourceTree = "<group>"; };
		AAD7A5CF1A1F96A300DA8165 /* AppDelegate.h */ = {isa = PBXFileReference; lastKnownFileType = sourcecode.c.h; path = AppDelegate.h; sourceTree = "<group>"; };
		AAD7A5D01A1F96A300DA8165 /* AppDelegate.m */ = {isa = PBXFileReference; lastKnownFileType = sourcecode.c.objc; path = AppDelegate.m; sourceTree = "<group>"; };
		AAD7A5D21A1F96A300DA8165 /* RootViewController.h */ = {isa = PBXFileReference; lastKnownFileType = sourcecode.c.h; path = RootViewController.h; sourceTree = "<group>"; };
		AAD7A5D31A1F96A300DA8165 /* RootViewController.m */ = {isa = PBXFileReference; lastKnownFileType = sourcecode.c.objc; path = RootViewController.m; sourceTree = "<group>"; };
		AAD7A5D51A1F96A300DA8165 /* DataViewController.h */ = {isa = PBXFileReference; lastKnownFileType = sourcecode.c.h; path = DataViewController.h; sourceTree = "<group>"; };
		AAD7A5D61A1F96A300DA8165 /* DataViewController.m */ = {isa = PBXFileReference; lastKnownFileType = sourcecode.c.objc; path = DataViewController.m; sourceTree = "<group>"; };
		AAD7A5D81A1F96A300DA8165 /* ModelController.h */ = {isa = PBXFileReference; lastKnownFileType = sourcecode.c.h; path = ModelController.h; sourceTree = "<group>"; };
		AAD7A5D91A1F96A300DA8165 /* ModelController.m */ = {isa = PBXFileReference; lastKnownFileType = sourcecode.c.objc; path = ModelController.m; sourceTree = "<group>"; };
		AAD7A5DC1A1F96A300DA8165 /* Base */ = {isa = PBXFileReference; lastKnownFileType = file.storyboard; name = Base; path = Base.lproj/Main.storyboard; sourceTree = "<group>"; };
		AAD7A5DE1A1F96A300DA8165 /* Images.xcassets */ = {isa = PBXFileReference; lastKnownFileType = folder.assetcatalog; path = Images.xcassets; sourceTree = "<group>"; };
		AAD7A5E11A1F96A300DA8165 /* Base */ = {isa = PBXFileReference; lastKnownFileType = file.xib; name = Base; path = Base.lproj/LaunchScreen.xib; sourceTree = "<group>"; };
		AAD7A5E71A1F96A300DA8165 /* testpvTests.xctest */ = {isa = PBXFileReference; explicitFileType = wrapper.cfbundle; includeInIndex = 0; path = testpvTests.xctest; sourceTree = BUILT_PRODUCTS_DIR; };
		AAD7A5EC1A1F96A300DA8165 /* Info.plist */ = {isa = PBXFileReference; lastKnownFileType = text.plist.xml; path = Info.plist; sourceTree = "<group>"; };
		AAD7A5ED1A1F96A300DA8165 /* testpvTests.m */ = {isa = PBXFileReference; lastKnownFileType = sourcecode.c.objc; path = testpvTests.m; sourceTree = "<group>"; };
/* End PBXFileReference section */

/* Begin PBXFrameworksBuildPhase section */
		AAD7A5C51A1F96A300DA8165 /* Frameworks */ = {
			isa = PBXFrameworksBuildPhase;
			buildActionMask = 2147483647;
			files = (
			);
			runOnlyForDeploymentPostprocessing = 0;
		};
		AAD7A5E41A1F96A300DA8165 /* Frameworks */ = {
			isa = PBXFrameworksBuildPhase;
			buildActionMask = 2147483647;
			files = (
			);
			runOnlyForDeploymentPostprocessing = 0;
		};
/* End PBXFrameworksBuildPhase section */

/* Begin PBXGroup section */
		AAD7A5BF1A1F96A300DA8165 = {
			isa = PBXGroup;
			children = (
				AAD7A5CA1A1F96A300DA8165 /* testpv */,
				AAD7A5EA1A1F96A300DA8165 /* testpvTests */,
				AAD7A5C91A1F96A300DA8165 /* Products */,
			);
			sourceTree = "<group>";
		};
		AAD7A5C91A1F96A300DA8165 /* Products */ = {
			isa = PBXGroup;
			children = (
				AAD7A5C81A1F96A300DA8165 /* testpv.app */,
				AAD7A5E71A1F96A300DA8165 /* testpvTests.xctest */,
			);
			name = Products;
			sourceTree = "<group>";
		};
		AAD7A5CA1A1F96A300DA8165 /* testpv */ = {
			isa = PBXGroup;
			children = (
				AAD7A5CF1A1F96A300DA8165 /* AppDelegate.h */,
				AAD7A5D01A1F96A300DA8165 /* AppDelegate.m */,
				AAD7A5D21A1F96A300DA8165 /* RootViewController.h */,
				AAD7A5D31A1F96A300DA8165 /* RootViewController.m */,
				AAD7A5D51A1F96A300DA8165 /* DataViewController.h */,
				AAD7A5D61A1F96A300DA8165 /* DataViewController.m */,
				AAD7A5D81A1F96A300DA8165 /* ModelController.h */,
				AAD7A5D91A1F96A300DA8165 /* ModelController.m */,
				AAD7A5DB1A1F96A300DA8165 /* Main.storyboard */,
				AAD7A5DE1A1F96A300DA8165 /* Images.xcassets */,
				AAD7A5E01A1F96A300DA8165 /* LaunchScreen.xib */,
				AAD7A5CB1A1F96A300DA8165 /* Supporting Files */,
			);
			path = testpv;
			sourceTree = "<group>";
		};
		AAD7A5CB1A1F96A300DA8165 /* Supporting Files */ = {
			isa = PBXGroup;
			children = (
				AAD7A5CC1A1F96A300DA8165 /* Info.plist */,
				AAD7A5CD1A1F96A300DA8165 /* main.m */,
			);
			name = "Supporting Files";
			sourceTree = "<group>";
		};
		AAD7A5EA1A1F96A300DA8165 /* testpvTests */ = {
			isa = PBXGroup;
			children = (
				AAD7A5ED1A1F96A300DA8165 /* testpvTests.m */,
				AAD7A5EB1A1F96A300DA8165 /* Supporting Files */,
			);
			path = testpvTests;
			sourceTree = "<group>";
		};
		AAD7A5EB1A1F96A300DA8165 /* Supporting Files */ = {
			isa = PBXGroup;
			children = (
				AAD7A5EC1A1F96A300DA8165 /* Info.plist */,
			);
			name = "Supporting Files";
			sourceTree = "<group>";
		};
/* End PBXGroup section */

/* Begin PBXNativeTarget section */
		AAD7A5C71A1F96A300DA8165 /* testpv */ = {
			isa = PBXNativeTarget;
			buildConfigurationList = AAD7A5F11A1F96A300DA8165 /* Build configuration list for PBXNativeTarget "testpv" */;
			buildPhases = (
				AAD7A5C41A1F96A300DA8165 /* Sources */,
				AAD7A5C51A1F96A300DA8165 /* Frameworks */,
				AAD7A5C61A1F96A300DA8165 /* Resources */,
			);
			buildRules = (
			);
			dependencies = (
			);
			name = testpv;
			productName = testpv;
			productReference = AAD7A5C81A1F96A300DA8165 /* testpv.app */;
			productType = "com.apple.product-type.application";
		};
		AAD7A5E61A1F96A300DA8165 /* testpvTests */ = {
			isa = PBXNativeTarget;
			buildConfigurationList = AAD7A5F41A1F96A300DA8165 /* Build configuration list for PBXNativeTarget "testpvTests" */;
			buildPhases = (
				AAD7A5E31A1F96A300DA8165 /* Sources */,
				AAD7A5E41A1F96A300DA8165 /* Frameworks */,
				AAD7A5E51A1F96A300DA8165 /* Resources */,
			);
			buildRules = (
			);
			dependencies = (
				AAD7A5E91A1F96A300DA8165 /* PBXTargetDependency */,
			);
			name = testpvTests;
			productName = testpvTests;
			productReference = AAD7A5E71A1F96A300DA8165 /* testpvTests.xctest */;
			productType = "com.apple.product-type.bundle.unit-test";
		};
/* End PBXNativeTarget section */

/* Begin PBXProject section */
		AAD7A5C01A1F96A300DA8165 /* Project object */ = {
			isa = PBXProject;
			attributes = {
				LastUpgradeCheck = 0610;
				ORGANIZATIONNAME = TerryBuOrganization;
				TargetAttributes = {
					AAD7A5C71A1F96A300DA8165 = {
						CreatedOnToolsVersion = 6.1;
					};
					AAD7A5E61A1F96A300DA8165 = {
						CreatedOnToolsVersion = 6.1;
						TestTargetID = AAD7A5C71A1F96A300DA8165;
					};
				};
			};
			buildConfigurationList = AAD7A5C31A1F96A300DA8165 /* Build configuration list for PBXProject "testpv" */;
			compatibilityVersion = "Xcode 3.2";
			developmentRegion = English;
			hasScannedForEncodings = 0;
			knownRegions = (
				en,
				Base,
			);
			mainGroup = AAD7A5BF1A1F96A300DA8165;
			productRefGroup = AAD7A5C91A1F96A300DA8165 /* Products */;
			projectDirPath = "";
			projectRoot = "";
			targets = (
				AAD7A5C71A1F96A300DA8165 /* testpv */,
				AAD7A5E61A1F96A300DA8165 /* testpvTests */,
			);
		};
/* End PBXProject section */

/* Begin PBXResourcesBuildPhase section */
		AAD7A5C61A1F96A300DA8165 /* Resources */ = {
			isa = PBXResourcesBuildPhase;
			buildActionMask = 2147483647;
			files = (
				AAD7A5DD1A1F96A300DA8165 /* Main.storyboard in Resources */,
				AAD7A5E21A1F96A300DA8165 /* LaunchScreen.xib in Resources */,
				AAD7A5DF1A1F96A300DA8165 /* Images.xcassets in Resources */,
			);
			runOnlyForDeploymentPostprocessing = 0;
		};
		AAD7A5E51A1F96A300DA8165 /* Resources */ = {
			isa = PBXResourcesBuildPhase;
			buildActionMask = 2147483647;
			files = (
			);
			runOnlyForDeploymentPostprocessing = 0;
		};
/* End PBXResourcesBuildPhase section */

/* Begin PBXSourcesBuildPhase section */
		AAD7A5C41A1F96A300DA8165 /* Sources */ = {
			isa = PBXSourcesBuildPhase;
			buildActionMask = 2147483647;
			files = (
				AAD7A5D71A1F96A300DA8165 /* DataViewController.m in Sources */,
				AAD7A5D11A1F96A300DA8165 /* AppDelegate.m in Sources */,
				AAD7A5DA1A1F96A300DA8165 /* ModelController.m in Sources */,
				AAD7A5CE1A1F96A300DA8165 /* main.m in Sources */,
				AAD7A5D41A1F96A300DA8165 /* RootViewController.m in Sources */,
			);
			runOnlyForDeploymentPostprocessing = 0;
		};
		AAD7A5E31A1F96A300DA8165 /* Sources */ = {
			isa = PBXSourcesBuildPhase;
			buildActionMask = 2147483647;
			files = (
				AAD7A5EE1A1F96A300DA8165 /* testpvTests.m in Sources */,
			);
			runOnlyForDeploymentPostprocessing = 0;
		};
/* End PBXSourcesBuildPhase section */

/* Begin PBXTargetDependency section */
		AAD7A5E91A1F96A300DA8165 /* PBXTargetDependency */ = {
			isa = PBXTargetDependency;
			target = AAD7A5C71A1F96A300DA8165 /* testpv */;
			targetProxy = AAD7A5E81A1F96A300DA8165 /* PBXContainerItemProxy */;
		};
/* End PBXTargetDependency section */

/* Begin PBXVariantGroup section */
		AAD7A5DB1A1F96A300DA8165 /* Main.storyboard */ = {
			isa = PBXVariantGroup;
			children = (
				AAD7A5DC1A1F96A300DA8165 /* Base */,
			);
			name = Main.storyboard;
			sourceTree = "<group>";
		};
		AAD7A5E01A1F96A300DA8165 /* LaunchScreen.xib */ = {
			isa = PBXVariantGroup;
			children = (
				AAD7A5E11A1F96A300DA8165 /* Base */,
			);
			name = LaunchScreen.xib;
			sourceTree = "<group>";
		};
/* End PBXVariantGroup section */

/* Begin XCBuildConfiguration section */
		AAD7A5EF1A1F96A300DA8165 /* Debug */ = {
			isa = XCBuildConfiguration;
			buildSettings = {
				ALWAYS_SEARCH_USER_PATHS = NO;
				CLANG_CXX_LANGUAGE_STANDARD = "gnu++0x";
				CLANG_CXX_LIBRARY = "libc++";
				CLANG_ENABLE_MODULES = YES;
				CLANG_ENABLE_OBJC_ARC = YES;
				CLANG_WARN_BOOL_CONVERSION = YES;
				CLANG_WARN_CONSTANT_CONVERSION = YES;
				CLANG_WARN_DIRECT_OBJC_ISA_USAGE = YES_ERROR;
				CLANG_WARN_EMPTY_BODY = YES;
				CLANG_WARN_ENUM_CONVERSION = YES;
				CLANG_WARN_INT_CONVERSION = YES;
				CLANG_WARN_OBJC_ROOT_CLASS = YES_ERROR;
				CLANG_WARN_UNREACHABLE_CODE = YES;
				CLANG_WARN__DUPLICATE_METHOD_MATCH = YES;
				"CODE_SIGN_IDENTITY[sdk=iphoneos*]" = "iPhone Developer";
				COPY_PHASE_STRIP = NO;
				ENABLE_STRICT_OBJC_MSGSEND = YES;
				GCC_C_LANGUAGE_STANDARD = gnu99;
				GCC_DYNAMIC_NO_PIC = NO;
				GCC_OPTIMIZATION_LEVEL = 0;
				GCC_PREPROCESSOR_DEFINITIONS = (
					"DEBUG=1",
					"$(inherited)",
				);
				GCC_SYMBOLS_PRIVATE_EXTERN = NO;
				GCC_WARN_64_TO_32_BIT_CONVERSION = YES;
				GCC_WARN_ABOUT_RETURN_TYPE = YES_ERROR;
				GCC_WARN_UNDECLARED_SELECTOR = YES;
				GCC_WARN_UNINITIALIZED_AUTOS = YES_AGGRESSIVE;
				GCC_WARN_UNUSED_FUNCTION = YES;
				GCC_WARN_UNUSED_VARIABLE = YES;
				IPHONEOS_DEPLOYMENT_TARGET = 8.1;
				MTL_ENABLE_DEBUG_INFO = YES;
				ONLY_ACTIVE_ARCH = YES;
				SDKROOT = iphoneos;
				TARGETED_DEVICE_FAMILY = "1,2";
			};
			name = Debug;
		};
		AAD7A5F01A1F96A300DA8165 /* Release */ = {
			isa = XCBuildConfiguration;
			buildSettings = {
				ALWAYS_SEARCH_USER_PATHS = NO;
				CLANG_CXX_LANGUAGE_STANDARD = "gnu++0x";
				CLANG_CXX_LIBRARY = "libc++";
				CLANG_ENABLE_MODULES = YES;
				CLANG_ENABLE_OBJC_ARC = YES;
				CLANG_WARN_BOOL_CONVERSION = YES;
				CLANG_WARN_CONSTANT_CONVERSION = YES;
				CLANG_WARN_DIRECT_OBJC_ISA_USAGE = YES_ERROR;
				CLANG_WARN_EMPTY_BODY = YES;
				CLANG_WARN_ENUM_CONVERSION = YES;
				CLANG_WARN_INT_CONVERSION = YES;
				CLANG_WARN_OBJC_ROOT_CLASS = YES_ERROR;
				CLANG_WARN_UNREACHABLE_CODE = YES;
				CLANG_WARN__DUPLICATE_METHOD_MATCH = YES;
				"CODE_SIGN_IDENTITY[sdk=iphoneos*]" = "iPhone Developer";
				COPY_PHASE_STRIP = YES;
				ENABLE_NS_ASSERTIONS = NO;
				ENABLE_STRICT_OBJC_MSGSEND = YES;
				GCC_C_LANGUAGE_STANDARD = gnu99;
				GCC_WARN_64_TO_32_BIT_CONVERSION = YES;
				GCC_WARN_ABOUT_RETURN_TYPE = YES_ERROR;
				GCC_WARN_UNDECLARED_SELECTOR = YES;
				GCC_WARN_UNINITIALIZED_AUTOS = YES_AGGRESSIVE;
				GCC_WARN_UNUSED_FUNCTION = YES;
				GCC_WARN_UNUSED_VARIABLE = YES;
				IPHONEOS_DEPLOYMENT_TARGET = 8.1;
				MTL_ENABLE_DEBUG_INFO = NO;
				SDKROOT = iphoneos;
				TARGETED_DEVICE_FAMILY = "1,2";
				VALIDATE_PRODUCT = YES;
			};
			name = Release;
		};
		AAD7A5F21A1F96A300DA8165 /* Debug */ = {
			isa = XCBuildConfiguration;
			buildSettings = {
				ASSETCATALOG_COMPILER_APPICON_NAME = AppIcon;
				INFOPLIST_FILE = testpv/Info.plist;
				LD_RUNPATH_SEARCH_PATHS = "$(inherited) @executable_path/Frameworks";
				PRODUCT_NAME = "$(TARGET_NAME)";
			};
			name = Debug;
		};
		AAD7A5F31A1F96A300DA8165 /* Release */ = {
			isa = XCBuildConfiguration;
			buildSettings = {
				ASSETCATALOG_COMPILER_APPICON_NAME = AppIcon;
				INFOPLIST_FILE = testpv/Info.plist;
				LD_RUNPATH_SEARCH_PATHS = "$(inherited) @executable_path/Frameworks";
				PRODUCT_NAME = "$(TARGET_NAME)";
			};
			name = Release;
		};
		AAD7A5F51A1F96A300DA8165 /* Debug */ = {
			isa = XCBuildConfiguration;
			buildSettings = {
				BUNDLE_LOADER = "$(TEST_HOST)";
				FRAMEWORK_SEARCH_PATHS = (
					"$(SDKROOT)/Developer/Library/Frameworks",
					"$(inherited)",
				);
				GCC_PREPROCESSOR_DEFINITIONS = (
					"DEBUG=1",
					"$(inherited)",
				);
				INFOPLIST_FILE = testpvTests/Info.plist;
				LD_RUNPATH_SEARCH_PATHS = "$(inherited) @executable_path/Frameworks @loader_path/Frameworks";
				PRODUCT_NAME = "$(TARGET_NAME)";
				TEST_HOST = "$(BUILT_PRODUCTS_DIR)/testpv.app/testpv";
			};
			name = Debug;
		};
		AAD7A5F61A1F96A300DA8165 /* Release */ = {
			isa = XCBuildConfiguration;
			buildSettings = {
				BUNDLE_LOADER = "$(TEST_HOST)";
				FRAMEWORK_SEARCH_PATHS = (
					"$(SDKROOT)/Developer/Library/Frameworks",
					"$(inherited)",
				);
				INFOPLIST_FILE = testpvTests/Info.plist;
				LD_RUNPATH_SEARCH_PATHS = "$(inherited) @executable_path/Frameworks @loader_path/Frameworks";
				PRODUCT_NAME = "$(TARGET_NAME)";
				TEST_HOST = "$(BUILT_PRODUCTS_DIR)/testpv.app/testpv";
			};
			name = Release;
		};
/* End XCBuildConfiguration section */

/* Begin XCConfigurationList section */
		AAD7A5C31A1F96A300DA8165 /* Build configuration list for PBXProject "testpv" */ = {
			isa = XCConfigurationList;
			buildConfigurations = (
				AAD7A5EF1A1F96A300DA8165 /* Debug */,
				AAD7A5F01A1F96A300DA8165 /* Release */,
			);
			defaultConfigurationIsVisible = 0;
			defaultConfigurationName = Release;
		};
		AAD7A5F11A1F96A300DA8165 /* Build configuration list for PBXNativeTarget "testpv" */ = {
			isa = XCConfigurationList;
			buildConfigurations = (
				AAD7A5F21A1F96A300DA8165 /* Debug */,
				AAD7A5F31A1F96A300DA8165 /* Release */,
			);
			defaultConfigurationIsVisible = 0;
		};
		AAD7A5F41A1F96A300DA8165 /* Build configuration list for PBXNativeTarget "testpvTests" */ = {
			isa = XCConfigurationList;
			buildConfigurations = (
				AAD7A5F51A1F96A300DA8165 /* Debug */,
				AAD7A5F61A1F96A300DA8165 /* Release */,
			);
			defaultConfigurationIsVisible = 0;
		};
/* End XCConfigurationList section */
	};
	rootObject = AAD7A5C01A1F96A300DA8165 /* Project object */;
}
