// !$*UTF8*$!
{
	archiveVersion = 1;
	classes = {
	};
	objectVersion = 46;
	objects = {

/* Begin PBXBuildFile section */
		AAB414A019F95E8500CD7B6F /* main.m in Sources */ = {isa = PBXBuildFile; fileRef = AAB4149F19F95E8500CD7B6F /* main.m */; };
		AAB414A319F95E8500CD7B6F /* AppDelegate.m in Sources */ = {isa = PBXBuildFile; fileRef = AAB414A219F95E8500CD7B6F /* AppDelegate.m */; };
		AAB414A619F95E8500CD7B6F /* ViewController.m in Sources */ = {isa = PBXBuildFile; fileRef = AAB414A519F95E8500CD7B6F /* ViewController.m */; };
		AAB414A919F95E8500CD7B6F /* Main.storyboard in Resources */ = {isa = PBXBuildFile; fileRef = AAB414A719F95E8500CD7B6F /* Main.storyboard */; };
		AAB414AB19F95E8500CD7B6F /* Images.xcassets in Resources */ = {isa = PBXBuildFile; fileRef = AAB414AA19F95E8500CD7B6F /* Images.xcassets */; };
		AAB414AE19F95E8500CD7B6F /* LaunchScreen.xib in Resources */ = {isa = PBXBuildFile; fileRef = AAB414AC19F95E8500CD7B6F /* LaunchScreen.xib */; };
		AAB414BA19F95E8500CD7B6F /* AddressbookContactsGrabberTests.m in Sources */ = {isa = PBXBuildFile; fileRef = AAB414B919F95E8500CD7B6F /* AddressbookContactsGrabberTests.m */; };
		AAEA2E0719F97603006E14E4 /* AddressBook.framework in Frameworks */ = {isa = PBXBuildFile; fileRef = AAEA2E0619F97602006E14E4 /* AddressBook.framework */; };
		AAEA2E0A19F97C13006E14E4 /* ABContactsGrabberDAO.m in Sources */ = {isa = PBXBuildFile; fileRef = AAEA2E0919F97C13006E14E4 /* ABContactsGrabberDAO.m */; };
/* End PBXBuildFile section */

/* Begin PBXContainerItemProxy section */
		AAB414B419F95E8500CD7B6F /* PBXContainerItemProxy */ = {
			isa = PBXContainerItemProxy;
			containerPortal = AAB4149219F95E8500CD7B6F /* Project object */;
			proxyType = 1;
			remoteGlobalIDString = AAB4149919F95E8500CD7B6F;
			remoteInfo = AddressbookContactsGrabber;
		};
/* End PBXContainerItemProxy section */

/* Begin PBXFileReference section */
		AAB4149A19F95E8500CD7B6F /* AddressbookContactsGrabber.app */ = {isa = PBXFileReference; explicitFileType = wrapper.application; includeInIndex = 0; path = AddressbookContactsGrabber.app; sourceTree = BUILT_PRODUCTS_DIR; };
		AAB4149E19F95E8500CD7B6F /* Info.plist */ = {isa = PBXFileReference; lastKnownFileType = text.plist.xml; path = Info.plist; sourceTree = "<group>"; };
		AAB4149F19F95E8500CD7B6F /* main.m */ = {isa = PBXFileReference; lastKnownFileType = sourcecode.c.objc; path = main.m; sourceTree = "<group>"; };
		AAB414A119F95E8500CD7B6F /* AppDelegate.h */ = {isa = PBXFileReference; lastKnownFileType = sourcecode.c.h; path = AppDelegate.h; sourceTree = "<group>"; };
		AAB414A219F95E8500CD7B6F /* AppDelegate.m */ = {isa = PBXFileReference; lastKnownFileType = sourcecode.c.objc; path = AppDelegate.m; sourceTree = "<group>"; };
		AAB414A419F95E8500CD7B6F /* ViewController.h */ = {isa = PBXFileReference; lastKnownFileType = sourcecode.c.h; path = ViewController.h; sourceTree = "<group>"; };
		AAB414A519F95E8500CD7B6F /* ViewController.m */ = {isa = PBXFileReference; lastKnownFileType = sourcecode.c.objc; path = ViewController.m; sourceTree = "<group>"; };
		AAB414A819F95E8500CD7B6F /* Base */ = {isa = PBXFileReference; lastKnownFileType = file.storyboard; name = Base; path = Base.lproj/Main.storyboard; sourceTree = "<group>"; };
		AAB414AA19F95E8500CD7B6F /* Images.xcassets */ = {isa = PBXFileReference; lastKnownFileType = folder.assetcatalog; path = Images.xcassets; sourceTree = "<group>"; };
		AAB414AD19F95E8500CD7B6F /* Base */ = {isa = PBXFileReference; lastKnownFileType = file.xib; name = Base; path = Base.lproj/LaunchScreen.xib; sourceTree = "<group>"; };
		AAB414B319F95E8500CD7B6F /* AddressbookContactsGrabberTests.xctest */ = {isa = PBXFileReference; explicitFileType = wrapper.cfbundle; includeInIndex = 0; path = AddressbookContactsGrabberTests.xctest; sourceTree = BUILT_PRODUCTS_DIR; };
		AAB414B819F95E8500CD7B6F /* Info.plist */ = {isa = PBXFileReference; lastKnownFileType = text.plist.xml; path = Info.plist; sourceTree = "<group>"; };
		AAB414B919F95E8500CD7B6F /* AddressbookContactsGrabberTests.m */ = {isa = PBXFileReference; lastKnownFileType = sourcecode.c.objc; path = AddressbookContactsGrabberTests.m; sourceTree = "<group>"; };
		AAEA2E0619F97602006E14E4 /* AddressBook.framework */ = {isa = PBXFileReference; lastKnownFileType = wrapper.framework; name = AddressBook.framework; path = System/Library/Frameworks/AddressBook.framework; sourceTree = SDKROOT; };
		AAEA2E0819F97C13006E14E4 /* ABContactsGrabberDAO.h */ = {isa = PBXFileReference; fileEncoding = 4; lastKnownFileType = sourcecode.c.h; path = ABContactsGrabberDAO.h; sourceTree = "<group>"; };
		AAEA2E0919F97C13006E14E4 /* ABContactsGrabberDAO.m */ = {isa = PBXFileReference; fileEncoding = 4; lastKnownFileType = sourcecode.c.objc; path = ABContactsGrabberDAO.m; sourceTree = "<group>"; };
/* End PBXFileReference section */

/* Begin PBXFrameworksBuildPhase section */
		AAB4149719F95E8500CD7B6F /* Frameworks */ = {
			isa = PBXFrameworksBuildPhase;
			buildActionMask = 2147483647;
			files = (
				AAEA2E0719F97603006E14E4 /* AddressBook.framework in Frameworks */,
			);
			runOnlyForDeploymentPostprocessing = 0;
		};
		AAB414B019F95E8500CD7B6F /* Frameworks */ = {
			isa = PBXFrameworksBuildPhase;
			buildActionMask = 2147483647;
			files = (
			);
			runOnlyForDeploymentPostprocessing = 0;
		};
/* End PBXFrameworksBuildPhase section */

/* Begin PBXGroup section */
		AAB4149119F95E8500CD7B6F = {
			isa = PBXGroup;
			children = (
				AAEA2E0619F97602006E14E4 /* AddressBook.framework */,
				AAB4149C19F95E8500CD7B6F /* AddressbookContactsGrabber */,
				AAB414B619F95E8500CD7B6F /* AddressbookContactsGrabberTests */,
				AAB4149B19F95E8500CD7B6F /* Products */,
			);
			sourceTree = "<group>";
		};
		AAB4149B19F95E8500CD7B6F /* Products */ = {
			isa = PBXGroup;
			children = (
				AAB4149A19F95E8500CD7B6F /* AddressbookContactsGrabber.app */,
				AAB414B319F95E8500CD7B6F /* AddressbookContactsGrabberTests.xctest */,
			);
			name = Products;
			sourceTree = "<group>";
		};
		AAB4149C19F95E8500CD7B6F /* AddressbookContactsGrabber */ = {
			isa = PBXGroup;
			children = (
				AAB414A119F95E8500CD7B6F /* AppDelegate.h */,
				AAB414A219F95E8500CD7B6F /* AppDelegate.m */,
				AAB414A419F95E8500CD7B6F /* ViewController.h */,
				AAB414A519F95E8500CD7B6F /* ViewController.m */,
				AAEA2E0819F97C13006E14E4 /* ABContactsGrabberDAO.h */,
				AAEA2E0919F97C13006E14E4 /* ABContactsGrabberDAO.m */,
				AAB414A719F95E8500CD7B6F /* Main.storyboard */,
				AAB414AA19F95E8500CD7B6F /* Images.xcassets */,
				AAB414AC19F95E8500CD7B6F /* LaunchScreen.xib */,
				AAB4149D19F95E8500CD7B6F /* Supporting Files */,
			);
			path = AddressbookContactsGrabber;
			sourceTree = "<group>";
		};
		AAB4149D19F95E8500CD7B6F /* Supporting Files */ = {
			isa = PBXGroup;
			children = (
				AAB4149E19F95E8500CD7B6F /* Info.plist */,
				AAB4149F19F95E8500CD7B6F /* main.m */,
			);
			name = "Supporting Files";
			sourceTree = "<group>";
		};
		AAB414B619F95E8500CD7B6F /* AddressbookContactsGrabberTests */ = {
			isa = PBXGroup;
			children = (
				AAB414B919F95E8500CD7B6F /* AddressbookContactsGrabberTests.m */,
				AAB414B719F95E8500CD7B6F /* Supporting Files */,
			);
			path = AddressbookContactsGrabberTests;
			sourceTree = "<group>";
		};
		AAB414B719F95E8500CD7B6F /* Supporting Files */ = {
			isa = PBXGroup;
			children = (
				AAB414B819F95E8500CD7B6F /* Info.plist */,
			);
			name = "Supporting Files";
			sourceTree = "<group>";
		};
/* End PBXGroup section */

/* Begin PBXNativeTarget section */
		AAB4149919F95E8500CD7B6F /* AddressbookContactsGrabber */ = {
			isa = PBXNativeTarget;
			buildConfigurationList = AAB414BD19F95E8500CD7B6F /* Build configuration list for PBXNativeTarget "AddressbookContactsGrabber" */;
			buildPhases = (
				AAB4149619F95E8500CD7B6F /* Sources */,
				AAB4149719F95E8500CD7B6F /* Frameworks */,
				AAB4149819F95E8500CD7B6F /* Resources */,
			);
			buildRules = (
			);
			dependencies = (
			);
			name = AddressbookContactsGrabber;
			productName = AddressbookContactsGrabber;
			productReference = AAB4149A19F95E8500CD7B6F /* AddressbookContactsGrabber.app */;
			productType = "com.apple.product-type.application";
		};
		AAB414B219F95E8500CD7B6F /* AddressbookContactsGrabberTests */ = {
			isa = PBXNativeTarget;
			buildConfigurationList = AAB414C019F95E8500CD7B6F /* Build configuration list for PBXNativeTarget "AddressbookContactsGrabberTests" */;
			buildPhases = (
				AAB414AF19F95E8500CD7B6F /* Sources */,
				AAB414B019F95E8500CD7B6F /* Frameworks */,
				AAB414B119F95E8500CD7B6F /* Resources */,
			);
			buildRules = (
			);
			dependencies = (
				AAB414B519F95E8500CD7B6F /* PBXTargetDependency */,
			);
			name = AddressbookContactsGrabberTests;
			productName = AddressbookContactsGrabberTests;
			productReference = AAB414B319F95E8500CD7B6F /* AddressbookContactsGrabberTests.xctest */;
			productType = "com.apple.product-type.bundle.unit-test";
		};
/* End PBXNativeTarget section */

/* Begin PBXProject section */
		AAB4149219F95E8500CD7B6F /* Project object */ = {
			isa = PBXProject;
			attributes = {
				LastUpgradeCheck = 0600;
				ORGANIZATIONNAME = TerryBuOrganization;
				TargetAttributes = {
					AAB4149919F95E8500CD7B6F = {
						CreatedOnToolsVersion = 6.0.1;
					};
					AAB414B219F95E8500CD7B6F = {
						CreatedOnToolsVersion = 6.0.1;
						TestTargetID = AAB4149919F95E8500CD7B6F;
					};
				};
			};
			buildConfigurationList = AAB4149519F95E8500CD7B6F /* Build configuration list for PBXProject "AddressbookContactsGrabber" */;
			compatibilityVersion = "Xcode 3.2";
			developmentRegion = English;
			hasScannedForEncodings = 0;
			knownRegions = (
				en,
				Base,
			);
			mainGroup = AAB4149119F95E8500CD7B6F;
			productRefGroup = AAB4149B19F95E8500CD7B6F /* Products */;
			projectDirPath = "";
			projectRoot = "";
			targets = (
				AAB4149919F95E8500CD7B6F /* AddressbookContactsGrabber */,
				AAB414B219F95E8500CD7B6F /* AddressbookContactsGrabberTests */,
			);
		};
/* End PBXProject section */

/* Begin PBXResourcesBuildPhase section */
		AAB4149819F95E8500CD7B6F /* Resources */ = {
			isa = PBXResourcesBuildPhase;
			buildActionMask = 2147483647;
			files = (
				AAB414A919F95E8500CD7B6F /* Main.storyboard in Resources */,
				AAB414AE19F95E8500CD7B6F /* LaunchScreen.xib in Resources */,
				AAB414AB19F95E8500CD7B6F /* Images.xcassets in Resources */,
			);
			runOnlyForDeploymentPostprocessing = 0;
		};
		AAB414B119F95E8500CD7B6F /* Resources */ = {
			isa = PBXResourcesBuildPhase;
			buildActionMask = 2147483647;
			files = (
			);
			runOnlyForDeploymentPostprocessing = 0;
		};
/* End PBXResourcesBuildPhase section */

/* Begin PBXSourcesBuildPhase section */
		AAB4149619F95E8500CD7B6F /* Sources */ = {
			isa = PBXSourcesBuildPhase;
			buildActionMask = 2147483647;
			files = (
				AAB414A619F95E8500CD7B6F /* ViewController.m in Sources */,
				AAB414A319F95E8500CD7B6F /* AppDelegate.m in Sources */,
				AAB414A019F95E8500CD7B6F /* main.m in Sources */,
				AAEA2E0A19F97C13006E14E4 /* ABContactsGrabberDAO.m in Sources */,
			);
			runOnlyForDeploymentPostprocessing = 0;
		};
		AAB414AF19F95E8500CD7B6F /* Sources */ = {
			isa = PBXSourcesBuildPhase;
			buildActionMask = 2147483647;
			files = (
				AAB414BA19F95E8500CD7B6F /* AddressbookContactsGrabberTests.m in Sources */,
			);
			runOnlyForDeploymentPostprocessing = 0;
		};
/* End PBXSourcesBuildPhase section */

/* Begin PBXTargetDependency section */
		AAB414B519F95E8500CD7B6F /* PBXTargetDependency */ = {
			isa = PBXTargetDependency;
			target = AAB4149919F95E8500CD7B6F /* AddressbookContactsGrabber */;
			targetProxy = AAB414B419F95E8500CD7B6F /* PBXContainerItemProxy */;
		};
/* End PBXTargetDependency section */

/* Begin PBXVariantGroup section */
		AAB414A719F95E8500CD7B6F /* Main.storyboard */ = {
			isa = PBXVariantGroup;
			children = (
				AAB414A819F95E8500CD7B6F /* Base */,
			);
			name = Main.storyboard;
			sourceTree = "<group>";
		};
		AAB414AC19F95E8500CD7B6F /* LaunchScreen.xib */ = {
			isa = PBXVariantGroup;
			children = (
				AAB414AD19F95E8500CD7B6F /* Base */,
			);
			name = LaunchScreen.xib;
			sourceTree = "<group>";
		};
/* End PBXVariantGroup section */

/* Begin XCBuildConfiguration section */
		AAB414BB19F95E8500CD7B6F /* Debug */ = {
			isa = XCBuildConfiguration;
			buildSettings = {
				ALWAYS_SEARCH_USER_PATHS = NO;
				CLANG_CXX_LANGUAGE_STANDARD = "gnu++0x";
				CLANG_CXX_LIBRARY = "libc++";
				CLANG_ENABLE_MODULES = YES;
				CLANG_ENABLE_OBJC_ARC = YES;
				CLANG_WARN_BOOL_CONVERSION = YES;
				CLANG_WARN_CONSTANT_CONVERSION = YES;
				CLANG_WARN_DIRECT_OBJC_ISA_USAGE = YES_ERROR;
				CLANG_WARN_EMPTY_BODY = YES;
				CLANG_WARN_ENUM_CONVERSION = YES;
				CLANG_WARN_INT_CONVERSION = YES;
				CLANG_WARN_OBJC_ROOT_CLASS = YES_ERROR;
				CLANG_WARN_UNREACHABLE_CODE = YES;
				CLANG_WARN__DUPLICATE_METHOD_MATCH = YES;
				"CODE_SIGN_IDENTITY[sdk=iphoneos*]" = "iPhone Developer";
				COPY_PHASE_STRIP = NO;
				ENABLE_STRICT_OBJC_MSGSEND = YES;
				GCC_C_LANGUAGE_STANDARD = gnu99;
				GCC_DYNAMIC_NO_PIC = NO;
				GCC_OPTIMIZATION_LEVEL = 0;
				GCC_PREPROCESSOR_DEFINITIONS = (
					"DEBUG=1",
					"$(inherited)",
				);
				GCC_SYMBOLS_PRIVATE_EXTERN = NO;
				GCC_WARN_64_TO_32_BIT_CONVERSION = YES;
				GCC_WARN_ABOUT_RETURN_TYPE = YES_ERROR;
				GCC_WARN_UNDECLARED_SELECTOR = YES;
				GCC_WARN_UNINITIALIZED_AUTOS = YES_AGGRESSIVE;
				GCC_WARN_UNUSED_FUNCTION = YES;
				GCC_WARN_UNUSED_VARIABLE = YES;
				IPHONEOS_DEPLOYMENT_TARGET = 8.0;
				MTL_ENABLE_DEBUG_INFO = YES;
				ONLY_ACTIVE_ARCH = YES;
				SDKROOT = iphoneos;
				TARGETED_DEVICE_FAMILY = "1,2";
			};
			name = Debug;
		};
		AAB414BC19F95E8500CD7B6F /* Release */ = {
			isa = XCBuildConfiguration;
			buildSettings = {
				ALWAYS_SEARCH_USER_PATHS = NO;
				CLANG_CXX_LANGUAGE_STANDARD = "gnu++0x";
				CLANG_CXX_LIBRARY = "libc++";
				CLANG_ENABLE_MODULES = YES;
				CLANG_ENABLE_OBJC_ARC = YES;
				CLANG_WARN_BOOL_CONVERSION = YES;
				CLANG_WARN_CONSTANT_CONVERSION = YES;
				CLANG_WARN_DIRECT_OBJC_ISA_USAGE = YES_ERROR;
				CLANG_WARN_EMPTY_BODY = YES;
				CLANG_WARN_ENUM_CONVERSION = YES;
				CLANG_WARN_INT_CONVERSION = YES;
				CLANG_WARN_OBJC_ROOT_CLASS = YES_ERROR;
				CLANG_WARN_UNREACHABLE_CODE = YES;
				CLANG_WARN__DUPLICATE_METHOD_MATCH = YES;
				"CODE_SIGN_IDENTITY[sdk=iphoneos*]" = "iPhone Developer";
				COPY_PHASE_STRIP = YES;
				ENABLE_NS_ASSERTIONS = NO;
				ENABLE_STRICT_OBJC_MSGSEND = YES;
				GCC_C_LANGUAGE_STANDARD = gnu99;
				GCC_WARN_64_TO_32_BIT_CONVERSION = YES;
				GCC_WARN_ABOUT_RETURN_TYPE = YES_ERROR;
				GCC_WARN_UNDECLARED_SELECTOR = YES;
				GCC_WARN_UNINITIALIZED_AUTOS = YES_AGGRESSIVE;
				GCC_WARN_UNUSED_FUNCTION = YES;
				GCC_WARN_UNUSED_VARIABLE = YES;
				IPHONEOS_DEPLOYMENT_TARGET = 8.0;
				MTL_ENABLE_DEBUG_INFO = NO;
				SDKROOT = iphoneos;
				TARGETED_DEVICE_FAMILY = "1,2";
				VALIDATE_PRODUCT = YES;
			};
			name = Release;
		};
		AAB414BE19F95E8500CD7B6F /* Debug */ = {
			isa = XCBuildConfiguration;
			buildSettings = {
				ASSETCATALOG_COMPILER_APPICON_NAME = AppIcon;
				INFOPLIST_FILE = AddressbookContactsGrabber/Info.plist;
				LD_RUNPATH_SEARCH_PATHS = "$(inherited) @executable_path/Frameworks";
				PRODUCT_NAME = "$(TARGET_NAME)";
			};
			name = Debug;
		};
		AAB414BF19F95E8500CD7B6F /* Release */ = {
			isa = XCBuildConfiguration;
			buildSettings = {
				ASSETCATALOG_COMPILER_APPICON_NAME = AppIcon;
				INFOPLIST_FILE = AddressbookContactsGrabber/Info.plist;
				LD_RUNPATH_SEARCH_PATHS = "$(inherited) @executable_path/Frameworks";
				PRODUCT_NAME = "$(TARGET_NAME)";
			};
			name = Release;
		};
		AAB414C119F95E8500CD7B6F /* Debug */ = {
			isa = XCBuildConfiguration;
			buildSettings = {
				BUNDLE_LOADER = "$(TEST_HOST)";
				FRAMEWORK_SEARCH_PATHS = (
					"$(SDKROOT)/Developer/Library/Frameworks",
					"$(inherited)",
				);
				GCC_PREPROCESSOR_DEFINITIONS = (
					"DEBUG=1",
					"$(inherited)",
				);
				INFOPLIST_FILE = AddressbookContactsGrabberTests/Info.plist;
				LD_RUNPATH_SEARCH_PATHS = "$(inherited) @executable_path/Frameworks @loader_path/Frameworks";
				PRODUCT_NAME = "$(TARGET_NAME)";
				TEST_HOST = "$(BUILT_PRODUCTS_DIR)/AddressbookContactsGrabber.app/AddressbookContactsGrabber";
			};
			name = Debug;
		};
		AAB414C219F95E8500CD7B6F /* Release */ = {
			isa = XCBuildConfiguration;
			buildSettings = {
				BUNDLE_LOADER = "$(TEST_HOST)";
				FRAMEWORK_SEARCH_PATHS = (
					"$(SDKROOT)/Developer/Library/Frameworks",
					"$(inherited)",
				);
				INFOPLIST_FILE = AddressbookContactsGrabberTests/Info.plist;
				LD_RUNPATH_SEARCH_PATHS = "$(inherited) @executable_path/Frameworks @loader_path/Frameworks";
				PRODUCT_NAME = "$(TARGET_NAME)";
				TEST_HOST = "$(BUILT_PRODUCTS_DIR)/AddressbookContactsGrabber.app/AddressbookContactsGrabber";
			};
			name = Release;
		};
/* End XCBuildConfiguration section */

/* Begin XCConfigurationList section */
		AAB4149519F95E8500CD7B6F /* Build configuration list for PBXProject "AddressbookContactsGrabber" */ = {
			isa = XCConfigurationList;
			buildConfigurations = (
				AAB414BB19F95E8500CD7B6F /* Debug */,
				AAB414BC19F95E8500CD7B6F /* Release */,
			);
			defaultConfigurationIsVisible = 0;
			defaultConfigurationName = Release;
		};
		AAB414BD19F95E8500CD7B6F /* Build configuration list for PBXNativeTarget "AddressbookContactsGrabber" */ = {
			isa = XCConfigurationList;
			buildConfigurations = (
				AAB414BE19F95E8500CD7B6F /* Debug */,
				AAB414BF19F95E8500CD7B6F /* Release */,
			);
			defaultConfigurationIsVisible = 0;
			defaultConfigurationName = Release;
		};
		AAB414C019F95E8500CD7B6F /* Build configuration list for PBXNativeTarget "AddressbookContactsGrabberTests" */ = {
			isa = XCConfigurationList;
			buildConfigurations = (
				AAB414C119F95E8500CD7B6F /* Debug */,
				AAB414C219F95E8500CD7B6F /* Release */,
			);
			defaultConfigurationIsVisible = 0;
			defaultConfigurationName = Release;
		};
/* End XCConfigurationList section */
	};
	rootObject = AAB4149219F95E8500CD7B6F /* Project object */;
}
