// !$*UTF8*$!
{
	archiveVersion = 1;
	classes = {
	};
	objectVersion = 46;
	objects = {

/* Begin PBXBuildFile section */
		AAB5ED1519E82809006EDFF9 /* main.m in Sources */ = {isa = PBXBuildFile; fileRef = AAB5ED1419E82809006EDFF9 /* main.m */; };
		AAB5ED1D19E82828006EDFF9 /* dummyCalculator.m in Sources */ = {isa = PBXBuildFile; fileRef = AAB5ED1C19E82828006EDFF9 /* dummyCalculator.m */; };
/* End PBXBuildFile section */

/* Begin PBXCopyFilesBuildPhase section */
		AAB5ED0F19E82809006EDFF9 /* CopyFiles */ = {
			isa = PBXCopyFilesBuildPhase;
			buildActionMask = 2147483647;
			dstPath = /usr/share/man/man1/;
			dstSubfolderSpec = 0;
			files = (
			);
			runOnlyForDeploymentPostprocessing = 1;
		};
/* End PBXCopyFilesBuildPhase section */

/* Begin PBXFileReference section */
		AAB5ED1119E82809006EDFF9 /* PracticePassByReference */ = {isa = PBXFileReference; explicitFileType = "compiled.mach-o.executable"; includeInIndex = 0; path = PracticePassByReference; sourceTree = BUILT_PRODUCTS_DIR; };
		AAB5ED1419E82809006EDFF9 /* main.m */ = {isa = PBXFileReference; lastKnownFileType = sourcecode.c.objc; path = main.m; sourceTree = "<group>"; };
		AAB5ED1B19E82828006EDFF9 /* dummyCalculator.h */ = {isa = PBXFileReference; fileEncoding = 4; lastKnownFileType = sourcecode.c.h; path = dummyCalculator.h; sourceTree = "<group>"; };
		AAB5ED1C19E82828006EDFF9 /* dummyCalculator.m */ = {isa = PBXFileReference; fileEncoding = 4; lastKnownFileType = sourcecode.c.objc; path = dummyCalculator.m; sourceTree = "<group>"; };
/* End PBXFileReference section */

/* Begin PBXFrameworksBuildPhase section */
		AAB5ED0E19E82809006EDFF9 /* Frameworks */ = {
			isa = PBXFrameworksBuildPhase;
			buildActionMask = 2147483647;
			files = (
			);
			runOnlyForDeploymentPostprocessing = 0;
		};
/* End PBXFrameworksBuildPhase section */

/* Begin PBXGroup section */
		AAB5ED0819E82809006EDFF9 = {
			isa = PBXGroup;
			children = (
				AAB5ED1319E82809006EDFF9 /* PracticePassByReference */,
				AAB5ED1219E82809006EDFF9 /* Products */,
			);
			sourceTree = "<group>";
		};
		AAB5ED1219E82809006EDFF9 /* Products */ = {
			isa = PBXGroup;
			children = (
				AAB5ED1119E82809006EDFF9 /* PracticePassByReference */,
			);
			name = Products;
			sourceTree = "<group>";
		};
		AAB5ED1319E82809006EDFF9 /* PracticePassByReference */ = {
			isa = PBXGroup;
			children = (
				AAB5ED1419E82809006EDFF9 /* main.m */,
				AAB5ED1B19E82828006EDFF9 /* dummyCalculator.h */,
				AAB5ED1C19E82828006EDFF9 /* dummyCalculator.m */,
			);
			path = PracticePassByReference;
			sourceTree = "<group>";
		};
/* End PBXGroup section */

/* Begin PBXNativeTarget section */
		AAB5ED1019E82809006EDFF9 /* PracticePassByReference */ = {
			isa = PBXNativeTarget;
			buildConfigurationList = AAB5ED1819E82809006EDFF9 /* Build configuration list for PBXNativeTarget "PracticePassByReference" */;
			buildPhases = (
				AAB5ED0D19E82809006EDFF9 /* Sources */,
				AAB5ED0E19E82809006EDFF9 /* Frameworks */,
				AAB5ED0F19E82809006EDFF9 /* CopyFiles */,
			);
			buildRules = (
			);
			dependencies = (
			);
			name = PracticePassByReference;
			productName = PracticePassByReference;
			productReference = AAB5ED1119E82809006EDFF9 /* PracticePassByReference */;
			productType = "com.apple.product-type.tool";
		};
/* End PBXNativeTarget section */

/* Begin PBXProject section */
		AAB5ED0919E82809006EDFF9 /* Project object */ = {
			isa = PBXProject;
			attributes = {
				LastUpgradeCheck = 0600;
				ORGANIZATIONNAME = NM;
				TargetAttributes = {
					AAB5ED1019E82809006EDFF9 = {
						CreatedOnToolsVersion = 6.0.1;
					};
				};
			};
			buildConfigurationList = AAB5ED0C19E82809006EDFF9 /* Build configuration list for PBXProject "PracticePassByReference" */;
			compatibilityVersion = "Xcode 3.2";
			developmentRegion = English;
			hasScannedForEncodings = 0;
			knownRegions = (
				en,
			);
			mainGroup = AAB5ED0819E82809006EDFF9;
			productRefGroup = AAB5ED1219E82809006EDFF9 /* Products */;
			projectDirPath = "";
			projectRoot = "";
			targets = (
				AAB5ED1019E82809006EDFF9 /* PracticePassByReference */,
			);
		};
/* End PBXProject section */

/* Begin PBXSourcesBuildPhase section */
		AAB5ED0D19E82809006EDFF9 /* Sources */ = {
			isa = PBXSourcesBuildPhase;
			buildActionMask = 2147483647;
			files = (
				AAB5ED1D19E82828006EDFF9 /* dummyCalculator.m in Sources */,
				AAB5ED1519E82809006EDFF9 /* main.m in Sources */,
			);
			runOnlyForDeploymentPostprocessing = 0;
		};
/* End PBXSourcesBuildPhase section */

/* Begin XCBuildConfiguration section */
		AAB5ED1619E82809006EDFF9 /* Debug */ = {
			isa = XCBuildConfiguration;
			buildSettings = {
				ALWAYS_SEARCH_USER_PATHS = NO;
				CLANG_CXX_LANGUAGE_STANDARD = "gnu++0x";
				CLANG_CXX_LIBRARY = "libc++";
				CLANG_ENABLE_MODULES = YES;
				CLANG_ENABLE_OBJC_ARC = YES;
				CLANG_WARN_BOOL_CONVERSION = YES;
				CLANG_WARN_CONSTANT_CONVERSION = YES;
				CLANG_WARN_DIRECT_OBJC_ISA_USAGE = YES_ERROR;
				CLANG_WARN_EMPTY_BODY = YES;
				CLANG_WARN_ENUM_CONVERSION = YES;
				CLANG_WARN_INT_CONVERSION = YES;
				CLANG_WARN_OBJC_ROOT_CLASS = YES_ERROR;
				CLANG_WARN_UNREACHABLE_CODE = YES;
				CLANG_WARN__DUPLICATE_METHOD_MATCH = YES;
				COPY_PHASE_STRIP = NO;
				ENABLE_STRICT_OBJC_MSGSEND = YES;
				GCC_C_LANGUAGE_STANDARD = gnu99;
				GCC_DYNAMIC_NO_PIC = NO;
				GCC_OPTIMIZATION_LEVEL = 0;
				GCC_PREPROCESSOR_DEFINITIONS = (
					"DEBUG=1",
					"$(inherited)",
				);
				GCC_SYMBOLS_PRIVATE_EXTERN = NO;
				GCC_WARN_64_TO_32_BIT_CONVERSION = YES;
				GCC_WARN_ABOUT_RETURN_TYPE = YES_ERROR;
				GCC_WARN_UNDECLARED_SELECTOR = YES;
				GCC_WARN_UNINITIALIZED_AUTOS = YES_AGGRESSIVE;
				GCC_WARN_UNUSED_FUNCTION = YES;
				GCC_WARN_UNUSED_VARIABLE = YES;
				MACOSX_DEPLOYMENT_TARGET = 10.9;
				MTL_ENABLE_DEBUG_INFO = YES;
				ONLY_ACTIVE_ARCH = YES;
				SDKROOT = macosx;
			};
			name = Debug;
		};
		AAB5ED1719E82809006EDFF9 /* Release */ = {
			isa = XCBuildConfiguration;
			buildSettings = {
				ALWAYS_SEARCH_USER_PATHS = NO;
				CLANG_CXX_LANGUAGE_STANDARD = "gnu++0x";
				CLANG_CXX_LIBRARY = "libc++";
				CLANG_ENABLE_MODULES = YES;
				CLANG_ENABLE_OBJC_ARC = YES;
				CLANG_WARN_BOOL_CONVERSION = YES;
				CLANG_WARN_CONSTANT_CONVERSION = YES;
				CLANG_WARN_DIRECT_OBJC_ISA_USAGE = YES_ERROR;
				CLANG_WARN_EMPTY_BODY = YES;
				CLANG_WARN_ENUM_CONVERSION = YES;
				CLANG_WARN_INT_CONVERSION = YES;
				CLANG_WARN_OBJC_ROOT_CLASS = YES_ERROR;
				CLANG_WARN_UNREACHABLE_CODE = YES;
				CLANG_WARN__DUPLICATE_METHOD_MATCH = YES;
				COPY_PHASE_STRIP = YES;
				DEBUG_INFORMATION_FORMAT = "dwarf-with-dsym";
				ENABLE_NS_ASSERTIONS = NO;
				ENABLE_STRICT_OBJC_MSGSEND = YES;
				GCC_C_LANGUAGE_STANDARD = gnu99;
				GCC_WARN_64_TO_32_BIT_CONVERSION = YES;
				GCC_WARN_ABOUT_RETURN_TYPE = YES_ERROR;
				GCC_WARN_UNDECLARED_SELECTOR = YES;
				GCC_WARN_UNINITIALIZED_AUTOS = YES_AGGRESSIVE;
				GCC_WARN_UNUSED_FUNCTION = YES;
				GCC_WARN_UNUSED_VARIABLE = YES;
				MACOSX_DEPLOYMENT_TARGET = 10.9;
				MTL_ENABLE_DEBUG_INFO = NO;
				SDKROOT = macosx;
			};
			name = Release;
		};
		AAB5ED1919E82809006EDFF9 /* Debug */ = {
			isa = XCBuildConfiguration;
			buildSettings = {
				PRODUCT_NAME = "$(TARGET_NAME)";
			};
			name = Debug;
		};
		AAB5ED1A19E82809006EDFF9 /* Release */ = {
			isa = XCBuildConfiguration;
			buildSettings = {
				PRODUCT_NAME = "$(TARGET_NAME)";
			};
			name = Release;
		};
/* End XCBuildConfiguration section */

/* Begin XCConfigurationList section */
		AAB5ED0C19E82809006EDFF9 /* Build configuration list for PBXProject "PracticePassByReference" */ = {
			isa = XCConfigurationList;
			buildConfigurations = (
				AAB5ED1619E82809006EDFF9 /* Debug */,
				AAB5ED1719E82809006EDFF9 /* Release */,
			);
			defaultConfigurationIsVisible = 0;
			defaultConfigurationName = Release;
		};
		AAB5ED1819E82809006EDFF9 /* Build configuration list for PBXNativeTarget "PracticePassByReference" */ = {
			isa = XCConfigurationList;
			buildConfigurations = (
				AAB5ED1919E82809006EDFF9 /* Debug */,
				AAB5ED1A19E82809006EDFF9 /* Release */,
			);
			defaultConfigurationIsVisible = 0;
		};
/* End XCConfigurationList section */
	};
	rootObject = AAB5ED0919E82809006EDFF9 /* Project object */;
}
