// !$*UTF8*$!
{
	archiveVersion = 1;
	classes = {
	};
	objectVersion = 46;
	objects = {

/* Begin PBXBuildFile section */
		AAEBC70F1A1150B300200A33 /* main.m in Sources */ = {isa = PBXBuildFile; fileRef = AAEBC70E1A1150B300200A33 /* main.m */; };
		AAEBC7121A1150B300200A33 /* AppDelegate.m in Sources */ = {isa = PBXBuildFile; fileRef = AAEBC7111A1150B300200A33 /* AppDelegate.m */; };
		AAEBC7151A1150B300200A33 /* ViewController.m in Sources */ = {isa = PBXBuildFile; fileRef = AAEBC7141A1150B300200A33 /* ViewController.m */; };
		AAEBC7181A1150B300200A33 /* Main.storyboard in Resources */ = {isa = PBXBuildFile; fileRef = AAEBC7161A1150B300200A33 /* Main.storyboard */; };
		AAEBC71A1A1150B300200A33 /* Images.xcassets in Resources */ = {isa = PBXBuildFile; fileRef = AAEBC7191A1150B300200A33 /* Images.xcassets */; };
		AAEBC71D1A1150B300200A33 /* LaunchScreen.xib in Resources */ = {isa = PBXBuildFile; fileRef = AAEBC71B1A1150B300200A33 /* LaunchScreen.xib */; };
		AAEBC7291A1150B300200A33 /* fpdsajfpsaTests.m in Sources */ = {isa = PBXBuildFile; fileRef = AAEBC7281A1150B300200A33 /* fpdsajfpsaTests.m */; };
/* End PBXBuildFile section */

/* Begin PBXContainerItemProxy section */
		AAEBC7231A1150B300200A33 /* PBXContainerItemProxy */ = {
			isa = PBXContainerItemProxy;
			containerPortal = AAEBC7011A1150B200200A33 /* Project object */;
			proxyType = 1;
			remoteGlobalIDString = AAEBC7081A1150B200200A33;
			remoteInfo = fpdsajfpsa;
		};
/* End PBXContainerItemProxy section */

/* Begin PBXFileReference section */
		AAEBC7091A1150B200200A33 /* fpdsajfpsa.app */ = {isa = PBXFileReference; explicitFileType = wrapper.application; includeInIndex = 0; path = fpdsajfpsa.app; sourceTree = BUILT_PRODUCTS_DIR; };
		AAEBC70D1A1150B300200A33 /* Info.plist */ = {isa = PBXFileReference; lastKnownFileType = text.plist.xml; path = Info.plist; sourceTree = "<group>"; };
		AAEBC70E1A1150B300200A33 /* main.m */ = {isa = PBXFileReference; lastKnownFileType = sourcecode.c.objc; path = main.m; sourceTree = "<group>"; };
		AAEBC7101A1150B300200A33 /* AppDelegate.h */ = {isa = PBXFileReference; lastKnownFileType = sourcecode.c.h; path = AppDelegate.h; sourceTree = "<group>"; };
		AAEBC7111A1150B300200A33 /* AppDelegate.m */ = {isa = PBXFileReference; lastKnownFileType = sourcecode.c.objc; path = AppDelegate.m; sourceTree = "<group>"; };
		AAEBC7131A1150B300200A33 /* ViewController.h */ = {isa = PBXFileReference; lastKnownFileType = sourcecode.c.h; path = ViewController.h; sourceTree = "<group>"; };
		AAEBC7141A1150B300200A33 /* ViewController.m */ = {isa = PBXFileReference; lastKnownFileType = sourcecode.c.objc; path = ViewController.m; sourceTree = "<group>"; };
		AAEBC7171A1150B300200A33 /* Base */ = {isa = PBXFileReference; lastKnownFileType = file.storyboard; name = Base; path = Base.lproj/Main.storyboard; sourceTree = "<group>"; };
		AAEBC7191A1150B300200A33 /* Images.xcassets */ = {isa = PBXFileReference; lastKnownFileType = folder.assetcatalog; path = Images.xcassets; sourceTree = "<group>"; };
		AAEBC71C1A1150B300200A33 /* Base */ = {isa = PBXFileReference; lastKnownFileType = file.xib; name = Base; path = Base.lproj/LaunchScreen.xib; sourceTree = "<group>"; };
		AAEBC7221A1150B300200A33 /* fpdsajfpsaTests.xctest */ = {isa = PBXFileReference; explicitFileType = wrapper.cfbundle; includeInIndex = 0; path = fpdsajfpsaTests.xctest; sourceTree = BUILT_PRODUCTS_DIR; };
		AAEBC7271A1150B300200A33 /* Info.plist */ = {isa = PBXFileReference; lastKnownFileType = text.plist.xml; path = Info.plist; sourceTree = "<group>"; };
		AAEBC7281A1150B300200A33 /* fpdsajfpsaTests.m */ = {isa = PBXFileReference; lastKnownFileType = sourcecode.c.objc; path = fpdsajfpsaTests.m; sourceTree = "<group>"; };
/* End PBXFileReference section */

/* Begin PBXFrameworksBuildPhase section */
		AAEBC7061A1150B200200A33 /* Frameworks */ = {
			isa = PBXFrameworksBuildPhase;
			buildActionMask = 2147483647;
			files = (
			);
			runOnlyForDeploymentPostprocessing = 0;
		};
		AAEBC71F1A1150B300200A33 /* Frameworks */ = {
			isa = PBXFrameworksBuildPhase;
			buildActionMask = 2147483647;
			files = (
			);
			runOnlyForDeploymentPostprocessing = 0;
		};
/* End PBXFrameworksBuildPhase section */

/* Begin PBXGroup section */
		AAEBC7001A1150B200200A33 = {
			isa = PBXGroup;
			children = (
				AAEBC70B1A1150B200200A33 /* fpdsajfpsa */,
				AAEBC7251A1150B300200A33 /* fpdsajfpsaTests */,
				AAEBC70A1A1150B200200A33 /* Products */,
			);
			sourceTree = "<group>";
		};
		AAEBC70A1A1150B200200A33 /* Products */ = {
			isa = PBXGroup;
			children = (
				AAEBC7091A1150B200200A33 /* fpdsajfpsa.app */,
				AAEBC7221A1150B300200A33 /* fpdsajfpsaTests.xctest */,
			);
			name = Products;
			sourceTree = "<group>";
		};
		AAEBC70B1A1150B200200A33 /* fpdsajfpsa */ = {
			isa = PBXGroup;
			children = (
				AAEBC7101A1150B300200A33 /* AppDelegate.h */,
				AAEBC7111A1150B300200A33 /* AppDelegate.m */,
				AAEBC7131A1150B300200A33 /* ViewController.h */,
				AAEBC7141A1150B300200A33 /* ViewController.m */,
				AAEBC7161A1150B300200A33 /* Main.storyboard */,
				AAEBC7191A1150B300200A33 /* Images.xcassets */,
				AAEBC71B1A1150B300200A33 /* LaunchScreen.xib */,
				AAEBC70C1A1150B200200A33 /* Supporting Files */,
			);
			path = fpdsajfpsa;
			sourceTree = "<group>";
		};
		AAEBC70C1A1150B200200A33 /* Supporting Files */ = {
			isa = PBXGroup;
			children = (
				AAEBC70D1A1150B300200A33 /* Info.plist */,
				AAEBC70E1A1150B300200A33 /* main.m */,
			);
			name = "Supporting Files";
			sourceTree = "<group>";
		};
		AAEBC7251A1150B300200A33 /* fpdsajfpsaTests */ = {
			isa = PBXGroup;
			children = (
				AAEBC7281A1150B300200A33 /* fpdsajfpsaTests.m */,
				AAEBC7261A1150B300200A33 /* Supporting Files */,
			);
			path = fpdsajfpsaTests;
			sourceTree = "<group>";
		};
		AAEBC7261A1150B300200A33 /* Supporting Files */ = {
			isa = PBXGroup;
			children = (
				AAEBC7271A1150B300200A33 /* Info.plist */,
			);
			name = "Supporting Files";
			sourceTree = "<group>";
		};
/* End PBXGroup section */

/* Begin PBXNativeTarget section */
		AAEBC7081A1150B200200A33 /* fpdsajfpsa */ = {
			isa = PBXNativeTarget;
			buildConfigurationList = AAEBC72C1A1150B300200A33 /* Build configuration list for PBXNativeTarget "fpdsajfpsa" */;
			buildPhases = (
				AAEBC7051A1150B200200A33 /* Sources */,
				AAEBC7061A1150B200200A33 /* Frameworks */,
				AAEBC7071A1150B200200A33 /* Resources */,
			);
			buildRules = (
			);
			dependencies = (
			);
			name = fpdsajfpsa;
			productName = fpdsajfpsa;
			productReference = AAEBC7091A1150B200200A33 /* fpdsajfpsa.app */;
			productType = "com.apple.product-type.application";
		};
		AAEBC7211A1150B300200A33 /* fpdsajfpsaTests */ = {
			isa = PBXNativeTarget;
			buildConfigurationList = AAEBC72F1A1150B300200A33 /* Build configuration list for PBXNativeTarget "fpdsajfpsaTests" */;
			buildPhases = (
				AAEBC71E1A1150B300200A33 /* Sources */,
				AAEBC71F1A1150B300200A33 /* Frameworks */,
				AAEBC7201A1150B300200A33 /* Resources */,
			);
			buildRules = (
			);
			dependencies = (
				AAEBC7241A1150B300200A33 /* PBXTargetDependency */,
			);
			name = fpdsajfpsaTests;
			productName = fpdsajfpsaTests;
			productReference = AAEBC7221A1150B300200A33 /* fpdsajfpsaTests.xctest */;
			productType = "com.apple.product-type.bundle.unit-test";
		};
/* End PBXNativeTarget section */

/* Begin PBXProject section */
		AAEBC7011A1150B200200A33 /* Project object */ = {
			isa = PBXProject;
			attributes = {
				LastUpgradeCheck = 0610;
				ORGANIZATIONNAME = TerryBuOrganization;
				TargetAttributes = {
					AAEBC7081A1150B200200A33 = {
						CreatedOnToolsVersion = 6.1;
					};
					AAEBC7211A1150B300200A33 = {
						CreatedOnToolsVersion = 6.1;
						TestTargetID = AAEBC7081A1150B200200A33;
					};
				};
			};
			buildConfigurationList = AAEBC7041A1150B200200A33 /* Build configuration list for PBXProject "fpdsajfpsa" */;
			compatibilityVersion = "Xcode 3.2";
			developmentRegion = English;
			hasScannedForEncodings = 0;
			knownRegions = (
				en,
				Base,
			);
			mainGroup = AAEBC7001A1150B200200A33;
			productRefGroup = AAEBC70A1A1150B200200A33 /* Products */;
			projectDirPath = "";
			projectRoot = "";
			targets = (
				AAEBC7081A1150B200200A33 /* fpdsajfpsa */,
				AAEBC7211A1150B300200A33 /* fpdsajfpsaTests */,
			);
		};
/* End PBXProject section */

/* Begin PBXResourcesBuildPhase section */
		AAEBC7071A1150B200200A33 /* Resources */ = {
			isa = PBXResourcesBuildPhase;
			buildActionMask = 2147483647;
			files = (
				AAEBC7181A1150B300200A33 /* Main.storyboard in Resources */,
				AAEBC71D1A1150B300200A33 /* LaunchScreen.xib in Resources */,
				AAEBC71A1A1150B300200A33 /* Images.xcassets in Resources */,
			);
			runOnlyForDeploymentPostprocessing = 0;
		};
		AAEBC7201A1150B300200A33 /* Resources */ = {
			isa = PBXResourcesBuildPhase;
			buildActionMask = 2147483647;
			files = (
			);
			runOnlyForDeploymentPostprocessing = 0;
		};
/* End PBXResourcesBuildPhase section */

/* Begin PBXSourcesBuildPhase section */
		AAEBC7051A1150B200200A33 /* Sources */ = {
			isa = PBXSourcesBuildPhase;
			buildActionMask = 2147483647;
			files = (
				AAEBC7151A1150B300200A33 /* ViewController.m in Sources */,
				AAEBC7121A1150B300200A33 /* AppDelegate.m in Sources */,
				AAEBC70F1A1150B300200A33 /* main.m in Sources */,
			);
			runOnlyForDeploymentPostprocessing = 0;
		};
		AAEBC71E1A1150B300200A33 /* Sources */ = {
			isa = PBXSourcesBuildPhase;
			buildActionMask = 2147483647;
			files = (
				AAEBC7291A1150B300200A33 /* fpdsajfpsaTests.m in Sources */,
			);
			runOnlyForDeploymentPostprocessing = 0;
		};
/* End PBXSourcesBuildPhase section */

/* Begin PBXTargetDependency section */
		AAEBC7241A1150B300200A33 /* PBXTargetDependency */ = {
			isa = PBXTargetDependency;
			target = AAEBC7081A1150B200200A33 /* fpdsajfpsa */;
			targetProxy = AAEBC7231A1150B300200A33 /* PBXContainerItemProxy */;
		};
/* End PBXTargetDependency section */

/* Begin PBXVariantGroup section */
		AAEBC7161A1150B300200A33 /* Main.storyboard */ = {
			isa = PBXVariantGroup;
			children = (
				AAEBC7171A1150B300200A33 /* Base */,
			);
			name = Main.storyboard;
			sourceTree = "<group>";
		};
		AAEBC71B1A1150B300200A33 /* LaunchScreen.xib */ = {
			isa = PBXVariantGroup;
			children = (
				AAEBC71C1A1150B300200A33 /* Base */,
			);
			name = LaunchScreen.xib;
			sourceTree = "<group>";
		};
/* End PBXVariantGroup section */

/* Begin XCBuildConfiguration section */
		AAEBC72A1A1150B300200A33 /* Debug */ = {
			isa = XCBuildConfiguration;
			buildSettings = {
				ALWAYS_SEARCH_USER_PATHS = NO;
				CLANG_CXX_LANGUAGE_STANDARD = "gnu++0x";
				CLANG_CXX_LIBRARY = "libc++";
				CLANG_ENABLE_MODULES = YES;
				CLANG_ENABLE_OBJC_ARC = YES;
				CLANG_WARN_BOOL_CONVERSION = YES;
				CLANG_WARN_CONSTANT_CONVERSION = YES;
				CLANG_WARN_DIRECT_OBJC_ISA_USAGE = YES_ERROR;
				CLANG_WARN_EMPTY_BODY = YES;
				CLANG_WARN_ENUM_CONVERSION = YES;
				CLANG_WARN_INT_CONVERSION = YES;
				CLANG_WARN_OBJC_ROOT_CLASS = YES_ERROR;
				CLANG_WARN_UNREACHABLE_CODE = YES;
				CLANG_WARN__DUPLICATE_METHOD_MATCH = YES;
				"CODE_SIGN_IDENTITY[sdk=iphoneos*]" = "iPhone Developer";
				COPY_PHASE_STRIP = NO;
				ENABLE_STRICT_OBJC_MSGSEND = YES;
				GCC_C_LANGUAGE_STANDARD = gnu99;
				GCC_DYNAMIC_NO_PIC = NO;
				GCC_OPTIMIZATION_LEVEL = 0;
				GCC_PREPROCESSOR_DEFINITIONS = (
					"DEBUG=1",
					"$(inherited)",
				);
				GCC_SYMBOLS_PRIVATE_EXTERN = NO;
				GCC_WARN_64_TO_32_BIT_CONVERSION = YES;
				GCC_WARN_ABOUT_RETURN_TYPE = YES_ERROR;
				GCC_WARN_UNDECLARED_SELECTOR = YES;
				GCC_WARN_UNINITIALIZED_AUTOS = YES_AGGRESSIVE;
				GCC_WARN_UNUSED_FUNCTION = YES;
				GCC_WARN_UNUSED_VARIABLE = YES;
				IPHONEOS_DEPLOYMENT_TARGET = 8.1;
				MTL_ENABLE_DEBUG_INFO = YES;
				ONLY_ACTIVE_ARCH = YES;
				SDKROOT = iphoneos;
				TARGETED_DEVICE_FAMILY = "1,2";
			};
			name = Debug;
		};
		AAEBC72B1A1150B300200A33 /* Release */ = {
			isa = XCBuildConfiguration;
			buildSettings = {
				ALWAYS_SEARCH_USER_PATHS = NO;
				CLANG_CXX_LANGUAGE_STANDARD = "gnu++0x";
				CLANG_CXX_LIBRARY = "libc++";
				CLANG_ENABLE_MODULES = YES;
				CLANG_ENABLE_OBJC_ARC = YES;
				CLANG_WARN_BOOL_CONVERSION = YES;
				CLANG_WARN_CONSTANT_CONVERSION = YES;
				CLANG_WARN_DIRECT_OBJC_ISA_USAGE = YES_ERROR;
				CLANG_WARN_EMPTY_BODY = YES;
				CLANG_WARN_ENUM_CONVERSION = YES;
				CLANG_WARN_INT_CONVERSION = YES;
				CLANG_WARN_OBJC_ROOT_CLASS = YES_ERROR;
				CLANG_WARN_UNREACHABLE_CODE = YES;
				CLANG_WARN__DUPLICATE_METHOD_MATCH = YES;
				"CODE_SIGN_IDENTITY[sdk=iphoneos*]" = "iPhone Developer";
				COPY_PHASE_STRIP = YES;
				ENABLE_NS_ASSERTIONS = NO;
				ENABLE_STRICT_OBJC_MSGSEND = YES;
				GCC_C_LANGUAGE_STANDARD = gnu99;
				GCC_WARN_64_TO_32_BIT_CONVERSION = YES;
				GCC_WARN_ABOUT_RETURN_TYPE = YES_ERROR;
				GCC_WARN_UNDECLARED_SELECTOR = YES;
				GCC_WARN_UNINITIALIZED_AUTOS = YES_AGGRESSIVE;
				GCC_WARN_UNUSED_FUNCTION = YES;
				GCC_WARN_UNUSED_VARIABLE = YES;
				IPHONEOS_DEPLOYMENT_TARGET = 8.1;
				MTL_ENABLE_DEBUG_INFO = NO;
				SDKROOT = iphoneos;
				TARGETED_DEVICE_FAMILY = "1,2";
				VALIDATE_PRODUCT = YES;
			};
			name = Release;
		};
		AAEBC72D1A1150B300200A33 /* Debug */ = {
			isa = XCBuildConfiguration;
			buildSettings = {
				ASSETCATALOG_COMPILER_APPICON_NAME = AppIcon;
				INFOPLIST_FILE = fpdsajfpsa/Info.plist;
				LD_RUNPATH_SEARCH_PATHS = "$(inherited) @executable_path/Frameworks";
				PRODUCT_NAME = "$(TARGET_NAME)";
			};
			name = Debug;
		};
		AAEBC72E1A1150B300200A33 /* Release */ = {
			isa = XCBuildConfiguration;
			buildSettings = {
				ASSETCATALOG_COMPILER_APPICON_NAME = AppIcon;
				INFOPLIST_FILE = fpdsajfpsa/Info.plist;
				LD_RUNPATH_SEARCH_PATHS = "$(inherited) @executable_path/Frameworks";
				PRODUCT_NAME = "$(TARGET_NAME)";
			};
			name = Release;
		};
		AAEBC7301A1150B300200A33 /* Debug */ = {
			isa = XCBuildConfiguration;
			buildSettings = {
				BUNDLE_LOADER = "$(TEST_HOST)";
				FRAMEWORK_SEARCH_PATHS = (
					"$(SDKROOT)/Developer/Library/Frameworks",
					"$(inherited)",
				);
				GCC_PREPROCESSOR_DEFINITIONS = (
					"DEBUG=1",
					"$(inherited)",
				);
				INFOPLIST_FILE = fpdsajfpsaTests/Info.plist;
				LD_RUNPATH_SEARCH_PATHS = "$(inherited) @executable_path/Frameworks @loader_path/Frameworks";
				PRODUCT_NAME = "$(TARGET_NAME)";
				TEST_HOST = "$(BUILT_PRODUCTS_DIR)/fpdsajfpsa.app/fpdsajfpsa";
			};
			name = Debug;
		};
		AAEBC7311A1150B300200A33 /* Release */ = {
			isa = XCBuildConfiguration;
			buildSettings = {
				BUNDLE_LOADER = "$(TEST_HOST)";
				FRAMEWORK_SEARCH_PATHS = (
					"$(SDKROOT)/Developer/Library/Frameworks",
					"$(inherited)",
				);
				INFOPLIST_FILE = fpdsajfpsaTests/Info.plist;
				LD_RUNPATH_SEARCH_PATHS = "$(inherited) @executable_path/Frameworks @loader_path/Frameworks";
				PRODUCT_NAME = "$(TARGET_NAME)";
				TEST_HOST = "$(BUILT_PRODUCTS_DIR)/fpdsajfpsa.app/fpdsajfpsa";
			};
			name = Release;
		};
/* End XCBuildConfiguration section */

/* Begin XCConfigurationList section */
		AAEBC7041A1150B200200A33 /* Build configuration list for PBXProject "fpdsajfpsa" */ = {
			isa = XCConfigurationList;
			buildConfigurations = (
				AAEBC72A1A1150B300200A33 /* Debug */,
				AAEBC72B1A1150B300200A33 /* Release */,
			);
			defaultConfigurationIsVisible = 0;
			defaultConfigurationName = Release;
		};
		AAEBC72C1A1150B300200A33 /* Build configuration list for PBXNativeTarget "fpdsajfpsa" */ = {
			isa = XCConfigurationList;
			buildConfigurations = (
				AAEBC72D1A1150B300200A33 /* Debug */,
				AAEBC72E1A1150B300200A33 /* Release */,
			);
			defaultConfigurationIsVisible = 0;
		};
		AAEBC72F1A1150B300200A33 /* Build configuration list for PBXNativeTarget "fpdsajfpsaTests" */ = {
			isa = XCConfigurationList;
			buildConfigurations = (
				AAEBC7301A1150B300200A33 /* Debug */,
				AAEBC7311A1150B300200A33 /* Release */,
			);
			defaultConfigurationIsVisible = 0;
		};
/* End XCConfigurationList section */
	};
	rootObject = AAEBC7011A1150B200200A33 /* Project object */;
}
